cd tests && go test -run '' -count=1 -v -timeout 600m
=== RUN   TestRunBasicExample
=== PAUSE TestRunBasicExample
=== RUN   TestRunAdvancedExampleInSchematics
=== PAUSE TestRunAdvancedExampleInSchematics
=== RUN   TestRunFullyConfigurable
=== PAUSE TestRunFullyConfigurable
=== RUN   TestRunUpgradeFullyConfigurable
=== PAUSE TestRunUpgradeFullyConfigurable
=== RUN   TestRunAccountSettings
=== PAUSE TestRunAccountSettings
=== CONT  TestRunBasicExample
=== CONT  TestRunUpgradeFullyConfigurable
=== CONT  TestRunAccountSettings
=== CONT  TestRunFullyConfigurable
=== CONT  TestRunAdvancedExampleInSchematics
TestRunUpgradeFullyConfigurable 2025-07-16T22:30:14+05:30 pr_test.go:99: Tempdir:  /var/folders/vh/syq93zks0k38v_dhpnypz4hm0000gn/T/icm-da-up-lcuofe2470969274/existing-resources
TestRunUpgradeFullyConfigurable 2025-07-16T22:30:14+05:30 retry.go:91: terraform [workspace list]
TestRunUpgradeFullyConfigurable 2025-07-16T22:30:14+05:30 logger.go:67: Running command terraform with args [workspace list]
TestRunBasicExample 2025-07-16T22:30:14+05:30 tests.go:75: TEMP CREATED:  /var/folders/vh/syq93zks0k38v_dhpnypz4hm0000gn/T/terraform-icm-basic-kly2815112406
TestRunUpgradeFullyConfigurable 2025-07-16T22:30:14+05:30 logger.go:67: * default
TestRunUpgradeFullyConfigurable 2025-07-16T22:30:14+05:30 logger.go:67: 
TestRunUpgradeFullyConfigurable 2025-07-16T22:30:14+05:30 retry.go:91: terraform [workspace new icm-da-up-lcuofe]
TestRunUpgradeFullyConfigurable 2025-07-16T22:30:14+05:30 logger.go:67: Running command terraform with args [workspace new icm-da-up-lcuofe]
TestRunBasicExample 2025-07-16T22:30:14+05:30 tests.go:582: START: Init / Apply / Consistency Check
TestRunBasicExample 2025-07-16T22:30:14+05:30 tests.go:661: START: Init / Apply
TestRunBasicExample 2025-07-16T22:30:14+05:30 retry.go:91: terraform [init -upgrade=true]
TestRunBasicExample 2025-07-16T22:30:14+05:30 logger.go:67: Running command terraform with args [init -upgrade=true]
TestRunBasicExample 2025-07-16T22:30:14+05:30 logger.go:67: [0m[1mInitializing the backend...[0m
TestRunBasicExample 2025-07-16T22:30:14+05:30 logger.go:67: [0m[1mUpgrading modules...[0m
TestRunUpgradeFullyConfigurable 2025-07-16T22:30:14+05:30 logger.go:67: [0m[32m[1mCreated and switched to workspace "icm-da-up-lcuofe"![0m[32m
TestRunUpgradeFullyConfigurable 2025-07-16T22:30:14+05:30 logger.go:67: 
TestRunUpgradeFullyConfigurable 2025-07-16T22:30:14+05:30 logger.go:67: You're now on a new, empty workspace. Workspaces isolate their state,
TestRunUpgradeFullyConfigurable 2025-07-16T22:30:14+05:30 logger.go:67: so if you run "terraform plan" Terraform will not see any existing state
TestRunUpgradeFullyConfigurable 2025-07-16T22:30:14+05:30 logger.go:67: for this configuration.[0m
TestRunUpgradeFullyConfigurable 2025-07-16T22:30:14+05:30 retry.go:91: terraform [workspace show]
TestRunUpgradeFullyConfigurable 2025-07-16T22:30:14+05:30 logger.go:67: Running command terraform with args [workspace show]
TestRunBasicExample 2025-07-16T22:30:14+05:30 logger.go:67: - cloud_monitoring in ../..
TestRunUpgradeFullyConfigurable 2025-07-16T22:30:14+05:30 logger.go:67: icm-da-up-lcuofe
TestRunUpgradeFullyConfigurable 2025-07-16T22:30:14+05:30 retry.go:91: terraform [init -upgrade=true]
TestRunUpgradeFullyConfigurable 2025-07-16T22:30:14+05:30 logger.go:67: Running command terraform with args [init -upgrade=true]
TestRunUpgradeFullyConfigurable 2025-07-16T22:30:14+05:30 logger.go:67: [0m[1mInitializing the backend...[0m
TestRunUpgradeFullyConfigurable 2025-07-16T22:30:14+05:30 logger.go:67: [0m[1mUpgrading modules...[0m
TestRunBasicExample 2025-07-16T22:30:14+05:30 logger.go:67: Downloading registry.terraform.io/terraform-ibm-modules/cbr/ibm 1.31.0 for cloud_monitoring.cbr_rule...
TestRunUpgradeFullyConfigurable 2025-07-16T22:30:14+05:30 logger.go:67: Downloading registry.terraform.io/terraform-ibm-modules/cloud-monitoring/ibm 1.2.12 for cloud_monitoring...
=== NAME  TestRunFullyConfigurable
    tests.go:347: [SCHEMATICS] Random Workspace region chosen: us
    schematics.go:137: [SCHEMATICS] Schematics API for region us: https://us.schematics.cloud.ibm.com
    tests.go:101: [SCHEMATICS] Creating Test Workspace
TestRunBasicExample 2025-07-16T22:30:17+05:30 logger.go:67: - cloud_monitoring.cbr_rule in .terraform/modules/cloud_monitoring.cbr_rule/modules/cbr-rule-module
TestRunBasicExample 2025-07-16T22:30:17+05:30 logger.go:67: Downloading registry.terraform.io/terraform-ibm-modules/resource-group/ibm 1.2.0 for resource_group...
TestRunUpgradeFullyConfigurable 2025-07-16T22:30:17+05:30 logger.go:67: - cloud_monitoring in .terraform/modules/cloud_monitoring
TestRunUpgradeFullyConfigurable 2025-07-16T22:30:17+05:30 logger.go:67: Downloading registry.terraform.io/terraform-ibm-modules/cbr/ibm 1.31.0 for cloud_monitoring.cbr_rule...
TestRunBasicExample 2025-07-16T22:30:19+05:30 logger.go:67: - resource_group in .terraform/modules/resource_group
TestRunBasicExample 2025-07-16T22:30:19+05:30 logger.go:67: [0m[1mInitializing provider plugins...[0m
TestRunBasicExample 2025-07-16T22:30:19+05:30 logger.go:67: - Finding ibm-cloud/ibm versions matching ">= 1.49.0, >= 1.70.0, >= 1.76.1, 1.76.1, < 2.0.0"...
TestRunUpgradeFullyConfigurable 2025-07-16T22:30:20+05:30 logger.go:67: - cloud_monitoring.cbr_rule in .terraform/modules/cloud_monitoring.cbr_rule/modules/cbr-rule-module
TestRunUpgradeFullyConfigurable 2025-07-16T22:30:20+05:30 logger.go:67: Downloading registry.terraform.io/terraform-ibm-modules/resource-group/ibm 1.2.0 for resource_group...
TestRunUpgradeFullyConfigurable 2025-07-16T22:30:22+05:30 logger.go:67: - resource_group in .terraform/modules/resource_group
TestRunUpgradeFullyConfigurable 2025-07-16T22:30:22+05:30 logger.go:67: [0m[1mInitializing provider plugins...[0m
TestRunUpgradeFullyConfigurable 2025-07-16T22:30:22+05:30 logger.go:67: - Finding ibm-cloud/ibm versions matching ">= 1.49.0, >= 1.70.0, >= 1.76.0, >= 1.76.1, < 2.0.0"...
TestRunBasicExample 2025-07-16T22:30:23+05:30 logger.go:67: - Installing ibm-cloud/ibm v1.76.1...
    tests.go:107: [SCHEMATICS] Workspace Created: icm-da-k1v (us-east.workspace.icm-da-k1v.6de21c3b)
    tests.go:124: Starting with variable validation for branch: 13686-acc 
    schematics.go:234: [SCHEMATICS] Creating TAR file
    schematics.go:240: [SCHEMATICS] Uploading TAR file
2025/07/16 22:30:24 Region au-syd VPC count: 7
2025/07/16 22:30:24 --- new best region is au-syd
TestRunUpgradeFullyConfigurable 2025-07-16T22:30:24+05:30 logger.go:67: - Installing ibm-cloud/ibm v1.80.4...
2025/07/16 22:30:27 Region au-syd VPC count: 7
2025/07/16 22:30:27 --- new best region is au-syd
2025/07/16 22:30:28 Region ca-tor VPC count: 4
2025/07/16 22:30:28 --- new best region is ca-tor
TestRunBasicExample 2025-07-16T22:30:29+05:30 logger.go:67: - Installed ibm-cloud/ibm v1.76.1 (self-signed, key ID [0m[1mAAD3B791C49CC253[0m[0m)
TestRunBasicExample 2025-07-16T22:30:29+05:30 logger.go:67: Partner and community providers are signed by their developers.
TestRunBasicExample 2025-07-16T22:30:29+05:30 logger.go:67: If you'd like to know more about provider signing, you can read about it here:
TestRunBasicExample 2025-07-16T22:30:29+05:30 logger.go:67: https://www.terraform.io/docs/cli/plugins/signing.html
TestRunBasicExample 2025-07-16T22:30:29+05:30 logger.go:67: Terraform has created a lock file [1m.terraform.lock.hcl[0m to record the provider
TestRunBasicExample 2025-07-16T22:30:29+05:30 logger.go:67: selections it made above. Include this file in your version control repository
TestRunBasicExample 2025-07-16T22:30:29+05:30 logger.go:67: so that Terraform can guarantee to make the same selections by default when
TestRunBasicExample 2025-07-16T22:30:29+05:30 logger.go:67: you run "terraform init" in the future.[0m
TestRunBasicExample 2025-07-16T22:30:29+05:30 logger.go:67: 
TestRunBasicExample 2025-07-16T22:30:29+05:30 logger.go:67: [0m[1m[32mTerraform has been successfully initialized![0m[32m[0m
TestRunBasicExample 2025-07-16T22:30:29+05:30 logger.go:67: [0m[32m
TestRunBasicExample 2025-07-16T22:30:29+05:30 logger.go:67: You may now begin working with Terraform. Try running "terraform plan" to see
TestRunBasicExample 2025-07-16T22:30:29+05:30 logger.go:67: any changes that are required for your infrastructure. All Terraform commands
TestRunBasicExample 2025-07-16T22:30:29+05:30 logger.go:67: should now work.
TestRunBasicExample 2025-07-16T22:30:29+05:30 logger.go:67: 
TestRunBasicExample 2025-07-16T22:30:29+05:30 logger.go:67: If you ever set or change modules or backend configuration for Terraform,
TestRunBasicExample 2025-07-16T22:30:29+05:30 logger.go:67: rerun this command to reinitialize your working directory. If you forget, other
TestRunBasicExample 2025-07-16T22:30:29+05:30 logger.go:67: commands will detect it and remind you to do so if necessary.[0m
TestRunBasicExample 2025-07-16T22:30:29+05:30 retry.go:91: terraform [apply -input=false -auto-approve -var prefix=icm-basic-kly -var region=jp-tok -var resource_group=geretain-test-resources -var resource_tags=[] -lock=false]
TestRunBasicExample 2025-07-16T22:30:29+05:30 logger.go:67: Running command terraform with args [apply -input=false -auto-approve -var prefix=icm-basic-kly -var region=jp-tok -var resource_group=geretain-test-resources -var resource_tags=[] -lock=false]
2025/07/16 22:30:30 Region ca-tor VPC count: 4
2025/07/16 22:30:30 --- new best region is ca-tor
TestRunBasicExample 2025-07-16T22:30:31+05:30 logger.go:67: [0m[1mmodule.resource_group.data.ibm_resource_group.existing_resource_group[0]: Reading...[0m[0m
TestRunUpgradeFullyConfigurable 2025-07-16T22:30:31+05:30 logger.go:67: - Installed ibm-cloud/ibm v1.80.4 (self-signed, key ID [0m[1mAAD3B791C49CC253[0m[0m)
TestRunUpgradeFullyConfigurable 2025-07-16T22:30:31+05:30 logger.go:67: Partner and community providers are signed by their developers.
TestRunUpgradeFullyConfigurable 2025-07-16T22:30:31+05:30 logger.go:67: If you'd like to know more about provider signing, you can read about it here:
TestRunUpgradeFullyConfigurable 2025-07-16T22:30:31+05:30 logger.go:67: https://www.terraform.io/docs/cli/plugins/signing.html
TestRunUpgradeFullyConfigurable 2025-07-16T22:30:31+05:30 logger.go:67: Terraform has created a lock file [1m.terraform.lock.hcl[0m to record the provider
TestRunUpgradeFullyConfigurable 2025-07-16T22:30:31+05:30 logger.go:67: selections it made above. Include this file in your version control repository
TestRunUpgradeFullyConfigurable 2025-07-16T22:30:31+05:30 logger.go:67: so that Terraform can guarantee to make the same selections by default when
TestRunUpgradeFullyConfigurable 2025-07-16T22:30:31+05:30 logger.go:67: you run "terraform init" in the future.[0m
TestRunUpgradeFullyConfigurable 2025-07-16T22:30:31+05:30 logger.go:67: 
TestRunUpgradeFullyConfigurable 2025-07-16T22:30:31+05:30 logger.go:67: [0m[1m[32mTerraform has been successfully initialized![0m[32m[0m
TestRunUpgradeFullyConfigurable 2025-07-16T22:30:31+05:30 logger.go:67: [0m[32m
TestRunUpgradeFullyConfigurable 2025-07-16T22:30:31+05:30 logger.go:67: You may now begin working with Terraform. Try running "terraform plan" to see
TestRunUpgradeFullyConfigurable 2025-07-16T22:30:31+05:30 logger.go:67: any changes that are required for your infrastructure. All Terraform commands
TestRunUpgradeFullyConfigurable 2025-07-16T22:30:31+05:30 logger.go:67: should now work.
TestRunUpgradeFullyConfigurable 2025-07-16T22:30:31+05:30 logger.go:67: 
TestRunUpgradeFullyConfigurable 2025-07-16T22:30:31+05:30 logger.go:67: If you ever set or change modules or backend configuration for Terraform,
TestRunUpgradeFullyConfigurable 2025-07-16T22:30:31+05:30 logger.go:67: rerun this command to reinitialize your working directory. If you forget, other
TestRunUpgradeFullyConfigurable 2025-07-16T22:30:31+05:30 logger.go:67: commands will detect it and remind you to do so if necessary.[0m
TestRunUpgradeFullyConfigurable 2025-07-16T22:30:31+05:30 retry.go:91: terraform [apply -input=false -auto-approve -var prefix=icm-da-up-lcuofe -var region=jp-tok -var resource_tags=[] -lock=false]
TestRunUpgradeFullyConfigurable 2025-07-16T22:30:31+05:30 logger.go:67: Running command terraform with args [apply -input=false -auto-approve -var prefix=icm-da-up-lcuofe -var region=jp-tok -var resource_tags=[] -lock=false]
TestRunBasicExample 2025-07-16T22:30:32+05:30 logger.go:67: [0m[1mmodule.resource_group.data.ibm_resource_group.existing_resource_group[0]: Read complete after 1s [id=292170bc79c94f5e9019e46fb48f245a][0m
TestRunBasicExample 2025-07-16T22:30:32+05:30 logger.go:67: 
TestRunBasicExample 2025-07-16T22:30:32+05:30 logger.go:67: Terraform used the selected providers to generate the following execution
TestRunBasicExample 2025-07-16T22:30:32+05:30 logger.go:67: plan. Resource actions are indicated with the following symbols:
TestRunBasicExample 2025-07-16T22:30:32+05:30 logger.go:67:   [32m+[0m create[0m
TestRunBasicExample 2025-07-16T22:30:32+05:30 logger.go:67: 
TestRunBasicExample 2025-07-16T22:30:32+05:30 logger.go:67: Terraform will perform the following actions:
TestRunBasicExample 2025-07-16T22:30:32+05:30 logger.go:67: 
TestRunBasicExample 2025-07-16T22:30:32+05:30 logger.go:67: [1m  # module.cloud_monitoring.ibm_resource_instance.cloud_monitoring[0m will be created
TestRunBasicExample 2025-07-16T22:30:32+05:30 logger.go:67: [0m  [32m+[0m[0m resource "ibm_resource_instance" "cloud_monitoring" {
TestRunBasicExample 2025-07-16T22:30:32+05:30 logger.go:67:       [32m+[0m[0m account_id              = (known after apply)
TestRunBasicExample 2025-07-16T22:30:32+05:30 logger.go:67:       [32m+[0m[0m allow_cleanup           = (known after apply)
TestRunBasicExample 2025-07-16T22:30:32+05:30 logger.go:67:       [32m+[0m[0m created_at              = (known after apply)
TestRunBasicExample 2025-07-16T22:30:32+05:30 logger.go:67:       [32m+[0m[0m created_by              = (known after apply)
TestRunBasicExample 2025-07-16T22:30:32+05:30 logger.go:67:       [32m+[0m[0m crn                     = (known after apply)
TestRunBasicExample 2025-07-16T22:30:32+05:30 logger.go:67:       [32m+[0m[0m dashboard_url           = (known after apply)
TestRunBasicExample 2025-07-16T22:30:32+05:30 logger.go:67:       [32m+[0m[0m deleted_at              = (known after apply)
TestRunBasicExample 2025-07-16T22:30:32+05:30 logger.go:67:       [32m+[0m[0m deleted_by              = (known after apply)
TestRunBasicExample 2025-07-16T22:30:32+05:30 logger.go:67:       [32m+[0m[0m extensions              = (known after apply)
TestRunBasicExample 2025-07-16T22:30:32+05:30 logger.go:67:       [32m+[0m[0m guid                    = (known after apply)
TestRunBasicExample 2025-07-16T22:30:32+05:30 logger.go:67:       [32m+[0m[0m id                      = (known after apply)
TestRunBasicExample 2025-07-16T22:30:32+05:30 logger.go:67:       [32m+[0m[0m last_operation          = (known after apply)
TestRunBasicExample 2025-07-16T22:30:32+05:30 logger.go:67:       [32m+[0m[0m location                = "jp-tok"
TestRunBasicExample 2025-07-16T22:30:32+05:30 logger.go:67:       [32m+[0m[0m locked                  = (known after apply)
TestRunBasicExample 2025-07-16T22:30:32+05:30 logger.go:67:       [32m+[0m[0m name                    = "icm-basic-kly-cloud-monitoring"
TestRunBasicExample 2025-07-16T22:30:32+05:30 logger.go:67:       [32m+[0m[0m onetime_credentials     = (known after apply)
TestRunBasicExample 2025-07-16T22:30:32+05:30 logger.go:67:       [32m+[0m[0m parameters              = {
TestRunBasicExample 2025-07-16T22:30:32+05:30 logger.go:67:           [32m+[0m[0m "default_receiver" = "false"
TestRunBasicExample 2025-07-16T22:30:32+05:30 logger.go:67:         }
TestRunBasicExample 2025-07-16T22:30:32+05:30 logger.go:67:       [32m+[0m[0m plan                    = "lite"
TestRunBasicExample 2025-07-16T22:30:32+05:30 logger.go:67:       [32m+[0m[0m plan_history            = (known after apply)
TestRunBasicExample 2025-07-16T22:30:32+05:30 logger.go:67:       [32m+[0m[0m resource_aliases_url    = (known after apply)
TestRunBasicExample 2025-07-16T22:30:32+05:30 logger.go:67:       [32m+[0m[0m resource_bindings_url   = (known after apply)
TestRunBasicExample 2025-07-16T22:30:32+05:30 logger.go:67:       [32m+[0m[0m resource_controller_url = (known after apply)
TestRunBasicExample 2025-07-16T22:30:32+05:30 logger.go:67:       [32m+[0m[0m resource_crn            = (known after apply)
TestRunBasicExample 2025-07-16T22:30:32+05:30 logger.go:67:       [32m+[0m[0m resource_group_crn      = (known after apply)
TestRunBasicExample 2025-07-16T22:30:32+05:30 logger.go:67:       [32m+[0m[0m resource_group_id       = "292170bc79c94f5e9019e46fb48f245a"
TestRunBasicExample 2025-07-16T22:30:32+05:30 logger.go:67:       [32m+[0m[0m resource_group_name     = (known after apply)
TestRunBasicExample 2025-07-16T22:30:32+05:30 logger.go:67:       [32m+[0m[0m resource_id             = (known after apply)
TestRunBasicExample 2025-07-16T22:30:32+05:30 logger.go:67:       [32m+[0m[0m resource_keys_url       = (known after apply)
TestRunBasicExample 2025-07-16T22:30:32+05:30 logger.go:67:       [32m+[0m[0m resource_name           = (known after apply)
TestRunBasicExample 2025-07-16T22:30:32+05:30 logger.go:67:       [32m+[0m[0m resource_plan_id        = (known after apply)
TestRunBasicExample 2025-07-16T22:30:32+05:30 logger.go:67:       [32m+[0m[0m resource_status         = (known after apply)
TestRunBasicExample 2025-07-16T22:30:32+05:30 logger.go:67:       [32m+[0m[0m restored_at             = (known after apply)
TestRunBasicExample 2025-07-16T22:30:32+05:30 logger.go:67:       [32m+[0m[0m restored_by             = (known after apply)
TestRunBasicExample 2025-07-16T22:30:32+05:30 logger.go:67:       [32m+[0m[0m scheduled_reclaim_at    = (known after apply)
TestRunBasicExample 2025-07-16T22:30:32+05:30 logger.go:67:       [32m+[0m[0m scheduled_reclaim_by    = (known after apply)
TestRunBasicExample 2025-07-16T22:30:32+05:30 logger.go:67:       [32m+[0m[0m service                 = "sysdig-monitor"
TestRunBasicExample 2025-07-16T22:30:32+05:30 logger.go:67:       [32m+[0m[0m service_endpoints       = "public-and-private"
TestRunBasicExample 2025-07-16T22:30:32+05:30 logger.go:67:       [32m+[0m[0m state                   = (known after apply)
TestRunBasicExample 2025-07-16T22:30:32+05:30 logger.go:67:       [32m+[0m[0m status                  = (known after apply)
TestRunBasicExample 2025-07-16T22:30:32+05:30 logger.go:67:       [32m+[0m[0m sub_type                = (known after apply)
TestRunBasicExample 2025-07-16T22:30:32+05:30 logger.go:67:       [32m+[0m[0m tags                    = (known after apply)
TestRunBasicExample 2025-07-16T22:30:32+05:30 logger.go:67:       [32m+[0m[0m target_crn              = (known after apply)
TestRunBasicExample 2025-07-16T22:30:32+05:30 logger.go:67:       [32m+[0m[0m type                    = (known after apply)
TestRunBasicExample 2025-07-16T22:30:32+05:30 logger.go:67:       [32m+[0m[0m update_at               = (known after apply)
TestRunBasicExample 2025-07-16T22:30:32+05:30 logger.go:67:       [32m+[0m[0m update_by               = (known after apply)
TestRunBasicExample 2025-07-16T22:30:32+05:30 logger.go:67:     }
TestRunBasicExample 2025-07-16T22:30:32+05:30 logger.go:67: 
TestRunBasicExample 2025-07-16T22:30:32+05:30 logger.go:67: [1m  # module.cloud_monitoring.ibm_resource_key.resource_key[0m will be created
TestRunBasicExample 2025-07-16T22:30:32+05:30 logger.go:67: [0m  [32m+[0m[0m resource "ibm_resource_key" "resource_key" {
TestRunBasicExample 2025-07-16T22:30:32+05:30 logger.go:67:       [32m+[0m[0m account_id            = (known after apply)
TestRunBasicExample 2025-07-16T22:30:32+05:30 logger.go:67:       [32m+[0m[0m created_at            = (known after apply)
TestRunBasicExample 2025-07-16T22:30:32+05:30 logger.go:67:       [32m+[0m[0m created_by            = (known after apply)
TestRunBasicExample 2025-07-16T22:30:32+05:30 logger.go:67:       [32m+[0m[0m credentials           = (sensitive value)
TestRunBasicExample 2025-07-16T22:30:32+05:30 logger.go:67:       [32m+[0m[0m credentials_json      = (sensitive value)
TestRunBasicExample 2025-07-16T22:30:32+05:30 logger.go:67:       [32m+[0m[0m crn                   = (known after apply)
TestRunBasicExample 2025-07-16T22:30:32+05:30 logger.go:67:       [32m+[0m[0m deleted_at            = (known after apply)
TestRunBasicExample 2025-07-16T22:30:32+05:30 logger.go:67:       [32m+[0m[0m deleted_by            = (known after apply)
TestRunBasicExample 2025-07-16T22:30:32+05:30 logger.go:67:       [32m+[0m[0m guid                  = (known after apply)
TestRunBasicExample 2025-07-16T22:30:32+05:30 logger.go:67:       [32m+[0m[0m iam_compatible        = (known after apply)
TestRunBasicExample 2025-07-16T22:30:32+05:30 logger.go:67:       [32m+[0m[0m id                    = (known after apply)
TestRunBasicExample 2025-07-16T22:30:32+05:30 logger.go:67:       [32m+[0m[0m name                  = "SysdigManagerKey"
TestRunBasicExample 2025-07-16T22:30:32+05:30 logger.go:67:       [32m+[0m[0m onetime_credentials   = (known after apply)
TestRunBasicExample 2025-07-16T22:30:32+05:30 logger.go:67:       [32m+[0m[0m resource_group_id     = (known after apply)
TestRunBasicExample 2025-07-16T22:30:32+05:30 logger.go:67:       [32m+[0m[0m resource_instance_id  = (known after apply)
TestRunBasicExample 2025-07-16T22:30:32+05:30 logger.go:67:       [32m+[0m[0m resource_instance_url = (known after apply)
TestRunBasicExample 2025-07-16T22:30:32+05:30 logger.go:67:       [32m+[0m[0m role                  = "Manager"
TestRunBasicExample 2025-07-16T22:30:32+05:30 logger.go:67:       [32m+[0m[0m source_crn            = (known after apply)
TestRunBasicExample 2025-07-16T22:30:32+05:30 logger.go:67:       [32m+[0m[0m state                 = (known after apply)
TestRunBasicExample 2025-07-16T22:30:32+05:30 logger.go:67:       [32m+[0m[0m status                = (known after apply)
TestRunBasicExample 2025-07-16T22:30:32+05:30 logger.go:67:       [32m+[0m[0m updated_at            = (known after apply)
TestRunBasicExample 2025-07-16T22:30:32+05:30 logger.go:67:       [32m+[0m[0m updated_by            = (known after apply)
TestRunBasicExample 2025-07-16T22:30:32+05:30 logger.go:67:       [32m+[0m[0m url                   = (known after apply)
TestRunBasicExample 2025-07-16T22:30:32+05:30 logger.go:67:     }
TestRunBasicExample 2025-07-16T22:30:32+05:30 logger.go:67: 
TestRunBasicExample 2025-07-16T22:30:32+05:30 logger.go:67: [1mPlan:[0m 2 to add, 0 to change, 0 to destroy.
TestRunBasicExample 2025-07-16T22:30:32+05:30 logger.go:67: [0m
TestRunBasicExample 2025-07-16T22:30:32+05:30 logger.go:67: Changes to Outputs:
TestRunBasicExample 2025-07-16T22:30:32+05:30 logger.go:67:   [32m+[0m[0m cloud_monitoring_crn       = (known after apply)
TestRunBasicExample 2025-07-16T22:30:32+05:30 logger.go:67:   [32m+[0m[0m cloud_monitoring_name      = "icm-basic-kly-cloud-monitoring"
TestRunBasicExample 2025-07-16T22:30:32+05:30 logger.go:67:   [32m+[0m[0m ingestion_endpoint_private = "ingest.private.jp-tok.monitoring.cloud.ibm.com"
TestRunBasicExample 2025-07-16T22:30:32+05:30 logger.go:67:   [32m+[0m[0m ingestion_endpoint_public  = "ingest.jp-tok.monitoring.cloud.ibm.com"
TestRunBasicExample 2025-07-16T22:30:32+05:30 logger.go:67:   [32m+[0m[0m resource_group_id          = "292170bc79c94f5e9019e46fb48f245a"
2025/07/16 22:30:32 Region br-sao VPC count: 5
TestRunBasicExample 2025-07-16T22:30:32+05:30 logger.go:67: [0m[1mmodule.cloud_monitoring.ibm_resource_instance.cloud_monitoring: Creating...[0m[0m
TestRunUpgradeFullyConfigurable 2025-07-16T22:30:33+05:30 logger.go:67: 
TestRunUpgradeFullyConfigurable 2025-07-16T22:30:33+05:30 logger.go:67: Terraform used the selected providers to generate the following execution
TestRunUpgradeFullyConfigurable 2025-07-16T22:30:33+05:30 logger.go:67: plan. Resource actions are indicated with the following symbols:
TestRunUpgradeFullyConfigurable 2025-07-16T22:30:33+05:30 logger.go:67:   [32m+[0m create[0m
TestRunUpgradeFullyConfigurable 2025-07-16T22:30:33+05:30 logger.go:67: 
TestRunUpgradeFullyConfigurable 2025-07-16T22:30:33+05:30 logger.go:67: Terraform will perform the following actions:
TestRunUpgradeFullyConfigurable 2025-07-16T22:30:33+05:30 logger.go:67: 
TestRunUpgradeFullyConfigurable 2025-07-16T22:30:33+05:30 logger.go:67: [1m  # module.cloud_monitoring.ibm_resource_instance.cloud_monitoring[0m will be created
TestRunUpgradeFullyConfigurable 2025-07-16T22:30:33+05:30 logger.go:67: [0m  [32m+[0m[0m resource "ibm_resource_instance" "cloud_monitoring" {
TestRunUpgradeFullyConfigurable 2025-07-16T22:30:33+05:30 logger.go:67:       [32m+[0m[0m account_id              = (known after apply)
TestRunUpgradeFullyConfigurable 2025-07-16T22:30:33+05:30 logger.go:67:       [32m+[0m[0m allow_cleanup           = (known after apply)
TestRunUpgradeFullyConfigurable 2025-07-16T22:30:33+05:30 logger.go:67:       [32m+[0m[0m created_at              = (known after apply)
TestRunUpgradeFullyConfigurable 2025-07-16T22:30:33+05:30 logger.go:67:       [32m+[0m[0m created_by              = (known after apply)
TestRunUpgradeFullyConfigurable 2025-07-16T22:30:33+05:30 logger.go:67:       [32m+[0m[0m crn                     = (known after apply)
TestRunUpgradeFullyConfigurable 2025-07-16T22:30:33+05:30 logger.go:67:       [32m+[0m[0m dashboard_url           = (known after apply)
TestRunUpgradeFullyConfigurable 2025-07-16T22:30:33+05:30 logger.go:67:       [32m+[0m[0m deleted_at              = (known after apply)
TestRunUpgradeFullyConfigurable 2025-07-16T22:30:33+05:30 logger.go:67:       [32m+[0m[0m deleted_by              = (known after apply)
TestRunUpgradeFullyConfigurable 2025-07-16T22:30:33+05:30 logger.go:67:       [32m+[0m[0m extensions              = (known after apply)
TestRunUpgradeFullyConfigurable 2025-07-16T22:30:33+05:30 logger.go:67:       [32m+[0m[0m guid                    = (known after apply)
TestRunUpgradeFullyConfigurable 2025-07-16T22:30:33+05:30 logger.go:67:       [32m+[0m[0m id                      = (known after apply)
TestRunUpgradeFullyConfigurable 2025-07-16T22:30:33+05:30 logger.go:67:       [32m+[0m[0m last_operation          = (known after apply)
TestRunUpgradeFullyConfigurable 2025-07-16T22:30:33+05:30 logger.go:67:       [32m+[0m[0m location                = "jp-tok"
TestRunUpgradeFullyConfigurable 2025-07-16T22:30:33+05:30 logger.go:67:       [32m+[0m[0m locked                  = (known after apply)
TestRunUpgradeFullyConfigurable 2025-07-16T22:30:33+05:30 logger.go:67:       [32m+[0m[0m name                    = "cloud-monitoring-jp-tok"
TestRunUpgradeFullyConfigurable 2025-07-16T22:30:33+05:30 logger.go:67:       [32m+[0m[0m onetime_credentials     = (known after apply)
TestRunUpgradeFullyConfigurable 2025-07-16T22:30:33+05:30 logger.go:67:       [32m+[0m[0m parameters              = {
TestRunUpgradeFullyConfigurable 2025-07-16T22:30:33+05:30 logger.go:67:           [32m+[0m[0m "default_receiver" = "false"
TestRunUpgradeFullyConfigurable 2025-07-16T22:30:33+05:30 logger.go:67:         }
TestRunUpgradeFullyConfigurable 2025-07-16T22:30:33+05:30 logger.go:67:       [32m+[0m[0m plan                    = "lite"
TestRunUpgradeFullyConfigurable 2025-07-16T22:30:33+05:30 logger.go:67:       [32m+[0m[0m plan_history            = (known after apply)
TestRunUpgradeFullyConfigurable 2025-07-16T22:30:33+05:30 logger.go:67:       [32m+[0m[0m resource_aliases_url    = (known after apply)
TestRunUpgradeFullyConfigurable 2025-07-16T22:30:33+05:30 logger.go:67:       [32m+[0m[0m resource_bindings_url   = (known after apply)
TestRunUpgradeFullyConfigurable 2025-07-16T22:30:33+05:30 logger.go:67:       [32m+[0m[0m resource_controller_url = (known after apply)
TestRunUpgradeFullyConfigurable 2025-07-16T22:30:33+05:30 logger.go:67:       [32m+[0m[0m resource_crn            = (known after apply)
TestRunUpgradeFullyConfigurable 2025-07-16T22:30:33+05:30 logger.go:67:       [32m+[0m[0m resource_group_crn      = (known after apply)
TestRunUpgradeFullyConfigurable 2025-07-16T22:30:33+05:30 logger.go:67:       [32m+[0m[0m resource_group_id       = (known after apply)
TestRunUpgradeFullyConfigurable 2025-07-16T22:30:33+05:30 logger.go:67:       [32m+[0m[0m resource_group_name     = (known after apply)
TestRunUpgradeFullyConfigurable 2025-07-16T22:30:33+05:30 logger.go:67:       [32m+[0m[0m resource_id             = (known after apply)
TestRunUpgradeFullyConfigurable 2025-07-16T22:30:33+05:30 logger.go:67:       [32m+[0m[0m resource_keys_url       = (known after apply)
TestRunUpgradeFullyConfigurable 2025-07-16T22:30:33+05:30 logger.go:67:       [32m+[0m[0m resource_name           = (known after apply)
TestRunUpgradeFullyConfigurable 2025-07-16T22:30:33+05:30 logger.go:67:       [32m+[0m[0m resource_plan_id        = (known after apply)
TestRunUpgradeFullyConfigurable 2025-07-16T22:30:33+05:30 logger.go:67:       [32m+[0m[0m resource_status         = (known after apply)
TestRunUpgradeFullyConfigurable 2025-07-16T22:30:33+05:30 logger.go:67:       [32m+[0m[0m restored_at             = (known after apply)
TestRunUpgradeFullyConfigurable 2025-07-16T22:30:33+05:30 logger.go:67:       [32m+[0m[0m restored_by             = (known after apply)
TestRunUpgradeFullyConfigurable 2025-07-16T22:30:33+05:30 logger.go:67:       [32m+[0m[0m scheduled_reclaim_at    = (known after apply)
TestRunUpgradeFullyConfigurable 2025-07-16T22:30:33+05:30 logger.go:67:       [32m+[0m[0m scheduled_reclaim_by    = (known after apply)
TestRunUpgradeFullyConfigurable 2025-07-16T22:30:33+05:30 logger.go:67:       [32m+[0m[0m service                 = "sysdig-monitor"
TestRunUpgradeFullyConfigurable 2025-07-16T22:30:33+05:30 logger.go:67:       [32m+[0m[0m service_endpoints       = "public-and-private"
TestRunUpgradeFullyConfigurable 2025-07-16T22:30:33+05:30 logger.go:67:       [32m+[0m[0m state                   = (known after apply)
TestRunUpgradeFullyConfigurable 2025-07-16T22:30:33+05:30 logger.go:67:       [32m+[0m[0m status                  = (known after apply)
TestRunUpgradeFullyConfigurable 2025-07-16T22:30:33+05:30 logger.go:67:       [32m+[0m[0m sub_type                = (known after apply)
TestRunUpgradeFullyConfigurable 2025-07-16T22:30:33+05:30 logger.go:67:       [32m+[0m[0m tags                    = (known after apply)
TestRunUpgradeFullyConfigurable 2025-07-16T22:30:33+05:30 logger.go:67:       [32m+[0m[0m target_crn              = (known after apply)
TestRunUpgradeFullyConfigurable 2025-07-16T22:30:33+05:30 logger.go:67:       [32m+[0m[0m type                    = (known after apply)
TestRunUpgradeFullyConfigurable 2025-07-16T22:30:33+05:30 logger.go:67:       [32m+[0m[0m update_at               = (known after apply)
TestRunUpgradeFullyConfigurable 2025-07-16T22:30:33+05:30 logger.go:67:       [32m+[0m[0m update_by               = (known after apply)
TestRunUpgradeFullyConfigurable 2025-07-16T22:30:33+05:30 logger.go:67:     }
TestRunUpgradeFullyConfigurable 2025-07-16T22:30:33+05:30 logger.go:67: 
TestRunUpgradeFullyConfigurable 2025-07-16T22:30:33+05:30 logger.go:67: [1m  # module.cloud_monitoring.ibm_resource_key.resource_key[0m will be created
TestRunUpgradeFullyConfigurable 2025-07-16T22:30:33+05:30 logger.go:67: [0m  [32m+[0m[0m resource "ibm_resource_key" "resource_key" {
TestRunUpgradeFullyConfigurable 2025-07-16T22:30:33+05:30 logger.go:67:       [32m+[0m[0m account_id            = (known after apply)
TestRunUpgradeFullyConfigurable 2025-07-16T22:30:33+05:30 logger.go:67:       [32m+[0m[0m created_at            = (known after apply)
TestRunUpgradeFullyConfigurable 2025-07-16T22:30:33+05:30 logger.go:67:       [32m+[0m[0m created_by            = (known after apply)
TestRunUpgradeFullyConfigurable 2025-07-16T22:30:33+05:30 logger.go:67:       [32m+[0m[0m credentials           = (sensitive value)
TestRunUpgradeFullyConfigurable 2025-07-16T22:30:33+05:30 logger.go:67:       [32m+[0m[0m credentials_json      = (sensitive value)
TestRunUpgradeFullyConfigurable 2025-07-16T22:30:33+05:30 logger.go:67:       [32m+[0m[0m crn                   = (known after apply)
TestRunUpgradeFullyConfigurable 2025-07-16T22:30:33+05:30 logger.go:67:       [32m+[0m[0m deleted_at            = (known after apply)
TestRunUpgradeFullyConfigurable 2025-07-16T22:30:33+05:30 logger.go:67:       [32m+[0m[0m deleted_by            = (known after apply)
TestRunUpgradeFullyConfigurable 2025-07-16T22:30:33+05:30 logger.go:67:       [32m+[0m[0m guid                  = (known after apply)
TestRunUpgradeFullyConfigurable 2025-07-16T22:30:33+05:30 logger.go:67:       [32m+[0m[0m iam_compatible        = (known after apply)
TestRunUpgradeFullyConfigurable 2025-07-16T22:30:33+05:30 logger.go:67:       [32m+[0m[0m id                    = (known after apply)
TestRunUpgradeFullyConfigurable 2025-07-16T22:30:33+05:30 logger.go:67:       [32m+[0m[0m name                  = "SysdigManagerKey"
TestRunUpgradeFullyConfigurable 2025-07-16T22:30:33+05:30 logger.go:67:       [32m+[0m[0m onetime_credentials   = (known after apply)
TestRunUpgradeFullyConfigurable 2025-07-16T22:30:33+05:30 logger.go:67:       [32m+[0m[0m resource_group_id     = (known after apply)
TestRunUpgradeFullyConfigurable 2025-07-16T22:30:33+05:30 logger.go:67:       [32m+[0m[0m resource_instance_id  = (known after apply)
TestRunUpgradeFullyConfigurable 2025-07-16T22:30:33+05:30 logger.go:67:       [32m+[0m[0m resource_instance_url = (known after apply)
TestRunUpgradeFullyConfigurable 2025-07-16T22:30:33+05:30 logger.go:67:       [32m+[0m[0m role                  = "Manager"
TestRunUpgradeFullyConfigurable 2025-07-16T22:30:33+05:30 logger.go:67:       [32m+[0m[0m source_crn            = (known after apply)
TestRunUpgradeFullyConfigurable 2025-07-16T22:30:33+05:30 logger.go:67:       [32m+[0m[0m state                 = (known after apply)
TestRunUpgradeFullyConfigurable 2025-07-16T22:30:33+05:30 logger.go:67:       [32m+[0m[0m status                = (known after apply)
TestRunUpgradeFullyConfigurable 2025-07-16T22:30:33+05:30 logger.go:67:       [32m+[0m[0m updated_at            = (known after apply)
TestRunUpgradeFullyConfigurable 2025-07-16T22:30:33+05:30 logger.go:67:       [32m+[0m[0m updated_by            = (known after apply)
TestRunUpgradeFullyConfigurable 2025-07-16T22:30:33+05:30 logger.go:67:       [32m+[0m[0m url                   = (known after apply)
TestRunUpgradeFullyConfigurable 2025-07-16T22:30:33+05:30 logger.go:67:     }
TestRunUpgradeFullyConfigurable 2025-07-16T22:30:33+05:30 logger.go:67: 
TestRunUpgradeFullyConfigurable 2025-07-16T22:30:33+05:30 logger.go:67: [1m  # module.resource_group.ibm_resource_group.resource_group[0][0m will be created
TestRunUpgradeFullyConfigurable 2025-07-16T22:30:33+05:30 logger.go:67: [0m  [32m+[0m[0m resource "ibm_resource_group" "resource_group" {
TestRunUpgradeFullyConfigurable 2025-07-16T22:30:33+05:30 logger.go:67:       [32m+[0m[0m created_at          = (known after apply)
TestRunUpgradeFullyConfigurable 2025-07-16T22:30:33+05:30 logger.go:67:       [32m+[0m[0m crn                 = (known after apply)
TestRunUpgradeFullyConfigurable 2025-07-16T22:30:33+05:30 logger.go:67:       [32m+[0m[0m default             = (known after apply)
TestRunUpgradeFullyConfigurable 2025-07-16T22:30:33+05:30 logger.go:67:       [32m+[0m[0m id                  = (known after apply)
TestRunUpgradeFullyConfigurable 2025-07-16T22:30:33+05:30 logger.go:67:       [32m+[0m[0m name                = "icm-da-up-lcuofe-resource-group"
TestRunUpgradeFullyConfigurable 2025-07-16T22:30:33+05:30 logger.go:67:       [32m+[0m[0m payment_methods_url = (known after apply)
TestRunUpgradeFullyConfigurable 2025-07-16T22:30:33+05:30 logger.go:67:       [32m+[0m[0m quota_id            = (known after apply)
TestRunUpgradeFullyConfigurable 2025-07-16T22:30:33+05:30 logger.go:67:       [32m+[0m[0m quota_url           = (known after apply)
TestRunUpgradeFullyConfigurable 2025-07-16T22:30:33+05:30 logger.go:67:       [32m+[0m[0m resource_linkages   = (known after apply)
TestRunUpgradeFullyConfigurable 2025-07-16T22:30:33+05:30 logger.go:67:       [32m+[0m[0m state               = (known after apply)
TestRunUpgradeFullyConfigurable 2025-07-16T22:30:33+05:30 logger.go:67:       [32m+[0m[0m teams_url           = (known after apply)
TestRunUpgradeFullyConfigurable 2025-07-16T22:30:33+05:30 logger.go:67:       [32m+[0m[0m updated_at          = (known after apply)
TestRunUpgradeFullyConfigurable 2025-07-16T22:30:33+05:30 logger.go:67:     }
TestRunUpgradeFullyConfigurable 2025-07-16T22:30:33+05:30 logger.go:67: 
TestRunUpgradeFullyConfigurable 2025-07-16T22:30:33+05:30 logger.go:67: [1mPlan:[0m 3 to add, 0 to change, 0 to destroy.
TestRunUpgradeFullyConfigurable 2025-07-16T22:30:33+05:30 logger.go:67: [0m
TestRunUpgradeFullyConfigurable 2025-07-16T22:30:33+05:30 logger.go:67: Changes to Outputs:
TestRunUpgradeFullyConfigurable 2025-07-16T22:30:33+05:30 logger.go:67:   [32m+[0m[0m cloud_monitoring_crn = (known after apply)
TestRunUpgradeFullyConfigurable 2025-07-16T22:30:33+05:30 logger.go:67:   [32m+[0m[0m resource_group_name  = "icm-da-up-lcuofe-resource-group"
TestRunUpgradeFullyConfigurable 2025-07-16T22:30:33+05:30 logger.go:67: [0m[1mmodule.resource_group.ibm_resource_group.resource_group[0]: Creating...[0m[0m
2025/07/16 22:30:35 Region br-sao VPC count: 5
2025/07/16 22:30:36 Region eu-de VPC count: 4
TestRunUpgradeFullyConfigurable 2025-07-16T22:30:37+05:30 logger.go:67: [0m[1mmodule.resource_group.ibm_resource_group.resource_group[0]: Creation complete after 4s [id=53384ac84e634974808cbea5a3ad1b46][0m
TestRunUpgradeFullyConfigurable 2025-07-16T22:30:37+05:30 logger.go:67: [0m[1mmodule.cloud_monitoring.ibm_resource_instance.cloud_monitoring: Creating...[0m[0m
2025/07/16 22:30:38 Region eu-de VPC count: 4
2025/07/16 22:30:40 Region eu-es VPC count: 7
TestRunBasicExample 2025-07-16T22:30:42+05:30 logger.go:67: [0m[1mmodule.cloud_monitoring.ibm_resource_instance.cloud_monitoring: Still creating... [10s elapsed][0m[0m
2025/07/16 22:30:43 Region eu-es VPC count: 7
2025/07/16 22:30:44 Region eu-gb VPC count: 3
2025/07/16 22:30:44 --- new best region is eu-gb
2025/07/16 22:30:46 Region eu-gb VPC count: 3
2025/07/16 22:30:46 --- new best region is eu-gb
TestRunUpgradeFullyConfigurable 2025-07-16T22:30:47+05:30 logger.go:67: [0m[1mmodule.cloud_monitoring.ibm_resource_instance.cloud_monitoring: Still creating... [10s elapsed][0m[0m
TestRunBasicExample 2025-07-16T22:30:49+05:30 logger.go:67: [0m[1mmodule.cloud_monitoring.ibm_resource_instance.cloud_monitoring: Creation complete after 17s [id=crn:v1:bluemix:public:sysdig-monitor:jp-tok:a/abac0df06b644a9cabc6e44f55b3880e:e17fae20-5242-4732-9c47-1ca8cd4cff6e::][0m
TestRunBasicExample 2025-07-16T22:30:49+05:30 logger.go:67: [0m[1mmodule.cloud_monitoring.ibm_resource_key.resource_key: Creating...[0m[0m
2025/07/16 22:30:50 Region us-east VPC count: 20
2025/07/16 22:30:50 Region us-east VPC count: 20
TestRunUpgradeFullyConfigurable 2025-07-16T22:30:54+05:30 logger.go:67: [0m[1mmodule.cloud_monitoring.ibm_resource_instance.cloud_monitoring: Creation complete after 16s [id=crn:v1:bluemix:public:sysdig-monitor:jp-tok:a/abac0df06b644a9cabc6e44f55b3880e:b7a0de42-960a-4ccf-bab3-d160eef1d4eb::][0m
TestRunUpgradeFullyConfigurable 2025-07-16T22:30:54+05:30 logger.go:67: [0m[1mmodule.cloud_monitoring.ibm_resource_key.resource_key: Creating...[0m[0m
2025/07/16 22:30:54 Region us-south VPC count: 23
2025/07/16 22:30:54 Region us-south VPC count: 23
TestRunBasicExample 2025-07-16T22:30:56+05:30 logger.go:67: [0m[1mmodule.cloud_monitoring.ibm_resource_key.resource_key: Creation complete after 6s [id=crn:v1:bluemix:public:sysdig-monitor:jp-tok:a/abac0df06b644a9cabc6e44f55b3880e:e17fae20-5242-4732-9c47-1ca8cd4cff6e:resource-key:7f7b3b79-d1ed-49ff-907b-de6a2f8fd3bc][0m
TestRunBasicExample 2025-07-16T22:30:56+05:30 logger.go:67: [0m[1m[32m
TestRunBasicExample 2025-07-16T22:30:56+05:30 logger.go:67: Apply complete! Resources: 2 added, 0 changed, 0 destroyed.
TestRunBasicExample 2025-07-16T22:30:56+05:30 logger.go:67: [0m[0m[1m[32m
TestRunBasicExample 2025-07-16T22:30:56+05:30 logger.go:67: Outputs:
TestRunBasicExample 2025-07-16T22:30:56+05:30 logger.go:67: 
TestRunBasicExample 2025-07-16T22:30:56+05:30 logger.go:67: [0mcloud_monitoring_crn = "crn:v1:bluemix:public:sysdig-monitor:jp-tok:a/abac0df06b644a9cabc6e44f55b3880e:e17fae20-5242-4732-9c47-1ca8cd4cff6e::"
TestRunBasicExample 2025-07-16T22:30:56+05:30 logger.go:67: cloud_monitoring_name = "icm-basic-kly-cloud-monitoring"
TestRunBasicExample 2025-07-16T22:30:56+05:30 logger.go:67: ingestion_endpoint_private = "ingest.private.jp-tok.monitoring.cloud.ibm.com"
TestRunBasicExample 2025-07-16T22:30:56+05:30 logger.go:67: ingestion_endpoint_public = "ingest.jp-tok.monitoring.cloud.ibm.com"
TestRunBasicExample 2025-07-16T22:30:56+05:30 logger.go:67: resource_group_id = "292170bc79c94f5e9019e46fb48f245a"
TestRunBasicExample 2025-07-16T22:30:56+05:30 tests.go:664: FINISHED: Init / Apply
TestRunBasicExample 2025-07-16T22:30:56+05:30 retry.go:91: terraform [output -no-color -json]
TestRunBasicExample 2025-07-16T22:30:56+05:30 tests.go:618: START: Init / Plan / Show w/Struct
TestRunBasicExample 2025-07-16T22:30:56+05:30 retry.go:91: terraform [init -upgrade=true]
2025/07/16 22:30:58 Region jp-osa VPC count: 4
2025/07/16 22:30:58 Region jp-osa VPC count: 4
TestRunUpgradeFullyConfigurable 2025-07-16T22:31:01+05:30 logger.go:67: [0m[1mmodule.cloud_monitoring.ibm_resource_key.resource_key: Creation complete after 7s [id=crn:v1:bluemix:public:sysdig-monitor:jp-tok:a/abac0df06b644a9cabc6e44f55b3880e:b7a0de42-960a-4ccf-bab3-d160eef1d4eb:resource-key:46cd4d54-aa60-4415-8ee9-acded0b1de95][0m
TestRunUpgradeFullyConfigurable 2025-07-16T22:31:01+05:30 logger.go:67: [0m[1m[32m
TestRunUpgradeFullyConfigurable 2025-07-16T22:31:01+05:30 logger.go:67: Apply complete! Resources: 3 added, 0 changed, 0 destroyed.
TestRunUpgradeFullyConfigurable 2025-07-16T22:31:01+05:30 logger.go:67: [0m[0m[1m[32m
TestRunUpgradeFullyConfigurable 2025-07-16T22:31:01+05:30 logger.go:67: Outputs:
TestRunUpgradeFullyConfigurable 2025-07-16T22:31:01+05:30 logger.go:67: 
TestRunUpgradeFullyConfigurable 2025-07-16T22:31:01+05:30 logger.go:67: [0mcloud_monitoring_crn = "crn:v1:bluemix:public:sysdig-monitor:jp-tok:a/abac0df06b644a9cabc6e44f55b3880e:b7a0de42-960a-4ccf-bab3-d160eef1d4eb::"
TestRunUpgradeFullyConfigurable 2025-07-16T22:31:01+05:30 logger.go:67: resource_group_name = "icm-da-up-lcuofe-resource-group"
TestRunUpgradeFullyConfigurable 2025-07-16T22:31:01+05:30 retry.go:91: terraform [output -no-color -json resource_group_name]
TestRunUpgradeFullyConfigurable 2025-07-16T22:31:01+05:30 logger.go:67: Running command terraform with args [output -no-color -json resource_group_name]
TestRunUpgradeFullyConfigurable 2025-07-16T22:31:01+05:30 logger.go:67: "icm-da-up-lcuofe-resource-group"
TestRunUpgradeFullyConfigurable 2025-07-16T22:31:01+05:30 retry.go:91: terraform [output -no-color -json cloud_monitoring_crn]
TestRunUpgradeFullyConfigurable 2025-07-16T22:31:01+05:30 logger.go:67: Running command terraform with args [output -no-color -json cloud_monitoring_crn]
TestRunUpgradeFullyConfigurable 2025-07-16T22:31:01+05:30 logger.go:67: "crn:v1:bluemix:public:sysdig-monitor:jp-tok:a/abac0df06b644a9cabc6e44f55b3880e:b7a0de42-960a-4ccf-bab3-d160eef1d4eb::"
TestRunBasicExample 2025-07-16T22:31:01+05:30 retry.go:91: terraform [plan -input=false -lock=false -var prefix=icm-basic-kly -var region=jp-tok -var resource_group=geretain-test-resources -var resource_tags=[] -lock=false -out=/var/folders/vh/syq93zks0k38v_dhpnypz4hm0000gn/T/terraform-icm-basic-kly2815112406/examples/basic/terratest-plan-file-1556033130]
=== NAME  TestRunUpgradeFullyConfigurable
    tests.go:347: [SCHEMATICS] Random Workspace region chosen: us
    schematics.go:137: [SCHEMATICS] Schematics API for region us: https://us.schematics.cloud.ibm.com
2025/07/16 22:31:01 Region jp-tok VPC count: 4
2025/07/16 22:31:01 Best region was found!: eu-gb
2025/07/16 22:31:02 Region jp-tok VPC count: 4
2025/07/16 22:31:02 Best region was found!: eu-gb
=== NAME  TestRunAdvancedExampleInSchematics
    tests.go:347: [SCHEMATICS] Random Workspace region chosen: eu
    schematics.go:137: [SCHEMATICS] Schematics API for region eu: https://eu.schematics.cloud.ibm.com
=== NAME  TestRunAccountSettings
    tests.go:347: [SCHEMATICS] Random Workspace region chosen: us
    schematics.go:137: [SCHEMATICS] Schematics API for region us: https://us.schematics.cloud.ibm.com
TestRunUpgradeFullyConfigurable 2025-07-16T22:31:02+05:30 git.go:409: Remote name: upstream-m2hogl
=== NAME  TestRunAdvancedExampleInSchematics
    tests.go:101: [SCHEMATICS] Creating Test Workspace
=== NAME  TestRunAccountSettings
    tests.go:101: [SCHEMATICS] Creating Test Workspace
TestRunUpgradeFullyConfigurable 2025-07-16T22:31:03+05:30 git.go:424: Fetch output:
 []
Commit Messages (main): 
commit 311ac21b71cd2d17e94ee836f685989db38eac21
Merge: 186a60c 95477b5
Author: Arya Girish K <aryagirish.kgit@gmail.com>
Date:   Tue Jul 15 08:56:58 2025 +0530

    Merge branch 'main' into 13686-acc

commit 186a60c8f5ede0d0ad62aab78095f0bfb503b96c
Author: Arya Girish K <arya.girish.k@ibm.com>
Date:   Mon Jul 14 15:19:54 2025 +0530

    Removed DA_types.md

commit 6ae2939d62d4ab8c8c12bb0b078c9f523a663b4c
Author: Arya Girish K <arya.girish.k@ibm.com>
Date:   Mon Jul 14 13:52:10 2025 +0530

    fix: Removed region in provider.tf,Update default_target type

commit 1d18da02ff82db1ac1292cec341808c1fc5b90e3
Merge: fa2c5de 19e163c
Author: Arya Girish K <aryagirish.kgit@gmail.com>
Date:   Mon Jul 14 12:16:18 2025 +0530

    Merge branch 'main' into 13686-acc

commit fa2c5dee1b62919e949cfaba19c81ed336a0142a
Author: Arya Girish K <arya.girish.k@ibm.com>
Date:   Wed Jul 9 09:53:20 2025 +0530

    Resolver pre-commit error,Added permission

commit ee4ec6156c5edac6d4d36ba07fccfb712d454e2e
Author: Md Anam Raihan <md.anam.raihan@ibm.com>
Date:   Tue Jul 8 19:00:55 2025 +0530

    update pr_test and description

commit cbfc67f26e8401a21bfa8e9ac36e31eedbbe1d01
Author: Md Anam Raihan <md.anam.raihan@ibm.com>
Date:   Tue Jul 8 18:09:41 2025 +0530

    update catalog.json

commit 536193621785608f9eedb26defcd3b0951ef24a5
Author: Md Anam Raihan <md.anam.raihan@ibm.com>
Date:   Tue Jul 8 18:07:50 2025 +0530

    update reference architecture diagram

commit e38c736a2bebcdd15cc72067c64d7b2cdaface28
Author: Md Anam Raihan <md.anam.raihan@ibm.com>
Date:   Tue Jul 8 18:00:57 2025 +0530

    add TestRunAccountSettings

commit e8cd0cc27ef61378102e76fea7c964f0b0b9b0e1
Author: Md Anam Raihan <md.anam.raihan@ibm.com>
Date:   Mon Jul 7 18:17:36 2025 +0530

    update DA types

commit 861cea171f939c03c110952eaca2a800b1e813dd
Author: Md Anam Raihan <md.anam.raihan@ibm.com>
Date:   Mon Jul 7 18:17:09 2025 +0530

    update account setting variation

commit 46f2493646056c57b34b6afe793b9386c4e09716
Author: Md Anam Raihan <md.anam.raihan@ibm.com>
Date:   Mon Jul 7 17:16:34 2025 +0530

    revert changes

commit d70265d7bb1b9bed8213af3a1bb1103f1dff0dcb
Author: Md Anam Raihan <md.anam.raihan@ibm.com>
Date:   Mon Jul 7 17:14:53 2025 +0530

    update main.tf & catalog

commit 7bacd4d5976182bc7548c6c6d763ce501c5922aa
Author: Md Anam Raihan <md.anam.raihan@ibm.com>
Date:   Mon Jul 7 13:55:39 2025 +0530

    add metrics router account settings variation

commit 3f02fc113f08bcbd9188dde04c700ad8a5a74b8c
Merge: 1595eff a9bfad0
Author: Md Anam Raihan <md.anam.raihan@ibm.com>
Date:   Mon Jul 7 12:23:48 2025 +0530

    Merge branch 'main' of https://github.com/terraform-ibm-modules/terraform-ibm-cloud-monitoring into 13686-acc

commit 1595eff9b67d20dbcba2ae2fa968bc28d0baed83
Merge: 8a37e19 1f35ca0
Author: Md Anam Raihan <md.anam.raihan@ibm.com>
Date:   Tue Jun 17 15:09:14 2025 +0530

    Merge branch 'main' of https://github.com/terraform-ibm-modules/terraform-ibm-cloud-monitoring into 13686-acc

commit 8a37e1908b6282c85940ac66b6e06181542a3603
Author: Md Anam Raihan <md.anam.raihan@ibm.com>
Date:   Tue Jun 17 13:05:02 2025 +0530

    update catalog and variables

commit dd400a40087475be9ca83171c867d25195a7d5ed
Author: Md Anam Raihan <md.anam.raihan@ibm.com>
Date:   Tue Jun 10 14:08:26 2025 +0530

    Add account settings variation
=== NAME  TestRunUpgradeFullyConfigurable
    tests.go:101: [SCHEMATICS] Creating Test Workspace
TestRunBasicExample 2025-07-16T22:31:06+05:30 retry.go:91: terraform [show -no-color -json /var/folders/vh/syq93zks0k38v_dhpnypz4hm0000gn/T/terraform-icm-basic-kly2815112406/examples/basic/terratest-plan-file-1556033130]
TestRunBasicExample 2025-07-16T22:31:06+05:30 tests.go:636: FINISHED: Init / Plan / Show w/Struct
TestRunBasicExample 2025-07-16T22:31:06+05:30 retry.go:91: terraform [plan -input=false -lock=false -var prefix=icm-basic-kly -var region=jp-tok -var resource_group=geretain-test-resources -var resource_tags=[] -lock=false -out=/var/folders/vh/syq93zks0k38v_dhpnypz4hm0000gn/T/terraform-icm-basic-kly2815112406/examples/basic/terratest-plan-file-1556033130]
TestRunBasicExample 2025-07-16T22:31:06+05:30 command.go:121: Running command terraform with args [plan -input=false -lock=false -var prefix=icm-basic-kly -var region=jp-tok -var resource_group=geretain-test-resources -var resource_tags=[] -lock=false -out=/var/folders/vh/syq93zks0k38v_dhpnypz4hm0000gn/T/terraform-icm-basic-kly2815112406/examples/basic/terratest-plan-file-1556033130]
=== NAME  TestRunAdvancedExampleInSchematics
    tests.go:107: [SCHEMATICS] Workspace Created: icm-adv-k1v (eu-gb.workspace.icm-adv-k1v.2b66af82)
    tests.go:124: Starting with variable validation for branch: 13686-acc 
    schematics.go:234: [SCHEMATICS] Creating TAR file
    schematics.go:240: [SCHEMATICS] Uploading TAR file
TestRunBasicExample 2025-07-16T22:31:07+05:30 command.go:206: [0m[1mmodule.resource_group.data.ibm_resource_group.existing_resource_group[0]: Reading...[0m[0m
TestRunBasicExample 2025-07-16T22:31:08+05:30 command.go:206: [0m[1mmodule.resource_group.data.ibm_resource_group.existing_resource_group[0]: Read complete after 1s [id=292170bc79c94f5e9019e46fb48f245a][0m
TestRunBasicExample 2025-07-16T22:31:08+05:30 command.go:206: [0m[1mmodule.cloud_monitoring.ibm_resource_instance.cloud_monitoring: Refreshing state... [id=crn:v1:bluemix:public:sysdig-monitor:jp-tok:a/abac0df06b644a9cabc6e44f55b3880e:e17fae20-5242-4732-9c47-1ca8cd4cff6e::][0m
=== NAME  TestRunAccountSettings
    tests.go:107: [SCHEMATICS] Workspace Created: mr-c4h (us-east.workspace.mr-c4h.3c0862fc)
    tests.go:124: Starting with variable validation for branch: 13686-acc 
    schematics.go:234: [SCHEMATICS] Creating TAR file
    schematics.go:240: [SCHEMATICS] Uploading TAR file
=== NAME  TestRunUpgradeFullyConfigurable
    tests.go:107: [SCHEMATICS] Workspace Created: icm-da-up-lcuofe-2i1 (us-east.workspace.icm-da-up-lcuofe-2i1.2d331d7c)
    tests.go:115: [SCHEMATICS] Switching to target (main) code for UPGRADE TEST
    tests.go:553: [SCHEMATICS] TEMP UPGRADE BASE DIR CREATED:  /var/folders/vh/syq93zks0k38v_dhpnypz4hm0000gn/T/terraform-base-icm-da-up-lcuofe-2i11494592840
TestRunUpgradeFullyConfigurable 2025-07-16T22:31:08+05:30 git.go:500: Cloned base repo and branch with authentication
    schematics.go:234: [SCHEMATICS] Creating TAR file
    schematics.go:240: [SCHEMATICS] Uploading TAR file
TestRunBasicExample 2025-07-16T22:31:09+05:30 command.go:206: [0m[1mmodule.cloud_monitoring.ibm_resource_key.resource_key: Refreshing state... [id=crn:v1:bluemix:public:sysdig-monitor:jp-tok:a/abac0df06b644a9cabc6e44f55b3880e:e17fae20-5242-4732-9c47-1ca8cd4cff6e:resource-key:7f7b3b79-d1ed-49ff-907b-de6a2f8fd3bc][0m
TestRunBasicExample 2025-07-16T22:31:11+05:30 command.go:206: 
TestRunBasicExample 2025-07-16T22:31:11+05:30 command.go:206: [0m[1m[32mNo changes.[0m[1m Your infrastructure matches the configuration.[0m
TestRunBasicExample 2025-07-16T22:31:11+05:30 command.go:206: 
TestRunBasicExample 2025-07-16T22:31:11+05:30 command.go:206: [0mTerraform has compared your real infrastructure against your configuration
TestRunBasicExample 2025-07-16T22:31:11+05:30 command.go:206: and found no differences, so no changes are needed.
TestRunBasicExample 2025-07-16T22:31:11+05:30 tests.go:599: FINISHED: Init / Apply / Consistency Check
TestRunBasicExample 2025-07-16T22:31:11+05:30 retry.go:91: terraform [output -no-color -json]
TestRunBasicExample 2025-07-16T22:31:11+05:30 tests.go:196: START: Destroy
TestRunBasicExample 2025-07-16T22:31:11+05:30 retry.go:91: terraform [destroy -auto-approve -input=false -var resource_tags=[] -var prefix=icm-basic-kly -var region=jp-tok -var resource_group=geretain-test-resources -lock=false]
TestRunBasicExample 2025-07-16T22:31:11+05:30 command.go:121: Running command terraform with args [destroy -auto-approve -input=false -var resource_tags=[] -var prefix=icm-basic-kly -var region=jp-tok -var resource_group=geretain-test-resources -lock=false]
TestRunBasicExample 2025-07-16T22:31:12+05:30 command.go:206: [0m[1mmodule.resource_group.data.ibm_resource_group.existing_resource_group[0]: Reading...[0m[0m
TestRunBasicExample 2025-07-16T22:31:12+05:30 command.go:206: [0m[1mmodule.resource_group.data.ibm_resource_group.existing_resource_group[0]: Read complete after 1s [id=292170bc79c94f5e9019e46fb48f245a][0m
TestRunBasicExample 2025-07-16T22:31:12+05:30 command.go:206: [0m[1mmodule.cloud_monitoring.ibm_resource_instance.cloud_monitoring: Refreshing state... [id=crn:v1:bluemix:public:sysdig-monitor:jp-tok:a/abac0df06b644a9cabc6e44f55b3880e:e17fae20-5242-4732-9c47-1ca8cd4cff6e::][0m
TestRunBasicExample 2025-07-16T22:31:14+05:30 command.go:206: [0m[1mmodule.cloud_monitoring.ibm_resource_key.resource_key: Refreshing state... [id=crn:v1:bluemix:public:sysdig-monitor:jp-tok:a/abac0df06b644a9cabc6e44f55b3880e:e17fae20-5242-4732-9c47-1ca8cd4cff6e:resource-key:7f7b3b79-d1ed-49ff-907b-de6a2f8fd3bc][0m
TestRunBasicExample 2025-07-16T22:31:16+05:30 command.go:206: 
TestRunBasicExample 2025-07-16T22:31:16+05:30 command.go:206: Terraform used the selected providers to generate the following execution
TestRunBasicExample 2025-07-16T22:31:16+05:30 command.go:206: plan. Resource actions are indicated with the following symbols:
TestRunBasicExample 2025-07-16T22:31:16+05:30 command.go:206:   [31m-[0m destroy[0m
TestRunBasicExample 2025-07-16T22:31:16+05:30 command.go:206: 
TestRunBasicExample 2025-07-16T22:31:16+05:30 command.go:206: Terraform will perform the following actions:
TestRunBasicExample 2025-07-16T22:31:16+05:30 command.go:206: 
TestRunBasicExample 2025-07-16T22:31:16+05:30 command.go:206: [1m  # module.cloud_monitoring.ibm_resource_instance.cloud_monitoring[0m will be [1m[31mdestroyed[0m
TestRunBasicExample 2025-07-16T22:31:16+05:30 command.go:206: [0m  [31m-[0m[0m resource "ibm_resource_instance" "cloud_monitoring" {
TestRunBasicExample 2025-07-16T22:31:16+05:30 command.go:206:       [31m-[0m[0m account_id              = "abac0df06b644a9cabc6e44f55b3880e" [90m-> null[0m[0m
TestRunBasicExample 2025-07-16T22:31:16+05:30 command.go:206:       [31m-[0m[0m allow_cleanup           = false [90m-> null[0m[0m
TestRunBasicExample 2025-07-16T22:31:16+05:30 command.go:206:       [31m-[0m[0m created_at              = "2025-07-16T17:00:36.412Z" [90m-> null[0m[0m
TestRunBasicExample 2025-07-16T22:31:16+05:30 command.go:206:       [31m-[0m[0m created_by              = "IBMid-693000KKB0" [90m-> null[0m[0m
TestRunBasicExample 2025-07-16T22:31:16+05:30 command.go:206:       [31m-[0m[0m crn                     = "crn:v1:bluemix:public:sysdig-monitor:jp-tok:a/abac0df06b644a9cabc6e44f55b3880e:e17fae20-5242-4732-9c47-1ca8cd4cff6e::" [90m-> null[0m[0m
TestRunBasicExample 2025-07-16T22:31:16+05:30 command.go:206:       [31m-[0m[0m dashboard_url           = "https://jp-tok.monitoring.cloud.ibm.com/api/oauth/openid/IBM/abac0df06b644a9cabc6e44f55b3880e/e17fae20-5242-4732-9c47-1ca8cd4cff6e" [90m-> null[0m[0m
TestRunBasicExample 2025-07-16T22:31:16+05:30 command.go:206:       [31m-[0m[0m extensions              = {
TestRunBasicExample 2025-07-16T22:31:16+05:30 command.go:206:           [31m-[0m[0m "virtual_private_endpoints.dns_domain"             = "private.jp-tok.monitoring.cloud.ibm.com"
TestRunBasicExample 2025-07-16T22:31:16+05:30 command.go:206:           [31m-[0m[0m "virtual_private_endpoints.dns_hosts.#"            = "1"
TestRunBasicExample 2025-07-16T22:31:16+05:30 command.go:206:           [31m-[0m[0m "virtual_private_endpoints.dns_hosts.0"            = "ingest"
TestRunBasicExample 2025-07-16T22:31:16+05:30 command.go:206:           [31m-[0m[0m "virtual_private_endpoints.endpoints.#"            = "3"
TestRunBasicExample 2025-07-16T22:31:16+05:30 command.go:206:           [31m-[0m[0m "virtual_private_endpoints.endpoints.0.ip_address" = "166.9.42.48"
TestRunBasicExample 2025-07-16T22:31:16+05:30 command.go:206:           [31m-[0m[0m "virtual_private_endpoints.endpoints.0.zone"       = "tok04"
TestRunBasicExample 2025-07-16T22:31:16+05:30 command.go:206:           [31m-[0m[0m "virtual_private_endpoints.endpoints.1.ip_address" = "166.9.44.38"
TestRunBasicExample 2025-07-16T22:31:16+05:30 command.go:206:           [31m-[0m[0m "virtual_private_endpoints.endpoints.1.zone"       = "tok05"
TestRunBasicExample 2025-07-16T22:31:16+05:30 command.go:206:           [31m-[0m[0m "virtual_private_endpoints.endpoints.2.ip_address" = "166.9.40.35"
TestRunBasicExample 2025-07-16T22:31:16+05:30 command.go:206:           [31m-[0m[0m "virtual_private_endpoints.endpoints.2.zone"       = "tok02"
TestRunBasicExample 2025-07-16T22:31:16+05:30 command.go:206:           [31m-[0m[0m "virtual_private_endpoints.origin_type"            = "cse"
TestRunBasicExample 2025-07-16T22:31:16+05:30 command.go:206:           [31m-[0m[0m "virtual_private_endpoints.port_translations.#"    = "0"
TestRunBasicExample 2025-07-16T22:31:16+05:30 command.go:206:           [31m-[0m[0m "virtual_private_endpoints.ports.#"                = "1"
TestRunBasicExample 2025-07-16T22:31:16+05:30 command.go:206:           [31m-[0m[0m "virtual_private_endpoints.ports.0.port_max"       = "6443"
TestRunBasicExample 2025-07-16T22:31:16+05:30 command.go:206:           [31m-[0m[0m "virtual_private_endpoints.ports.0.port_min"       = "443"
TestRunBasicExample 2025-07-16T22:31:16+05:30 command.go:206:         } [90m-> null[0m[0m
TestRunBasicExample 2025-07-16T22:31:16+05:30 command.go:206:       [31m-[0m[0m guid                    = "e17fae20-5242-4732-9c47-1ca8cd4cff6e" [90m-> null[0m[0m
TestRunBasicExample 2025-07-16T22:31:16+05:30 command.go:206:       [31m-[0m[0m id                      = "crn:v1:bluemix:public:sysdig-monitor:jp-tok:a/abac0df06b644a9cabc6e44f55b3880e:e17fae20-5242-4732-9c47-1ca8cd4cff6e::" [90m-> null[0m[0m
TestRunBasicExample 2025-07-16T22:31:16+05:30 command.go:206:       [31m-[0m[0m last_operation          = {
TestRunBasicExample 2025-07-16T22:31:16+05:30 command.go:206:           [31m-[0m[0m "async"       = "false"
TestRunBasicExample 2025-07-16T22:31:16+05:30 command.go:206:           [31m-[0m[0m "cancelable"  = "false"
TestRunBasicExample 2025-07-16T22:31:16+05:30 command.go:206:           [31m-[0m[0m "description" = "Completed create instance operation"
TestRunBasicExample 2025-07-16T22:31:16+05:30 command.go:206:           [31m-[0m[0m "poll"        = "false"
TestRunBasicExample 2025-07-16T22:31:16+05:30 command.go:206:           [31m-[0m[0m "state"       = "succeeded"
TestRunBasicExample 2025-07-16T22:31:16+05:30 command.go:206:           [31m-[0m[0m "type"        = "create"
TestRunBasicExample 2025-07-16T22:31:16+05:30 command.go:206:         } [90m-> null[0m[0m
TestRunBasicExample 2025-07-16T22:31:16+05:30 command.go:206:       [31m-[0m[0m location                = "jp-tok" [90m-> null[0m[0m
TestRunBasicExample 2025-07-16T22:31:16+05:30 command.go:206:       [31m-[0m[0m locked                  = false [90m-> null[0m[0m
TestRunBasicExample 2025-07-16T22:31:16+05:30 command.go:206:       [31m-[0m[0m name                    = "icm-basic-kly-cloud-monitoring" [90m-> null[0m[0m
TestRunBasicExample 2025-07-16T22:31:16+05:30 command.go:206:       [31m-[0m[0m onetime_credentials     = false [90m-> null[0m[0m
TestRunBasicExample 2025-07-16T22:31:16+05:30 command.go:206:       [31m-[0m[0m parameters              = {
TestRunBasicExample 2025-07-16T22:31:16+05:30 command.go:206:           [31m-[0m[0m "default_receiver" = "false"
TestRunBasicExample 2025-07-16T22:31:16+05:30 command.go:206:         } [90m-> null[0m[0m
TestRunBasicExample 2025-07-16T22:31:16+05:30 command.go:206:       [31m-[0m[0m plan                    = "lite" [90m-> null[0m[0m
TestRunBasicExample 2025-07-16T22:31:16+05:30 command.go:206:       [31m-[0m[0m plan_history            = [
TestRunBasicExample 2025-07-16T22:31:16+05:30 command.go:206:           [31m-[0m[0m {
TestRunBasicExample 2025-07-16T22:31:16+05:30 command.go:206:               [31m-[0m[0m resource_plan_id = "367a3918-9efc-43c5-bef9-20553051b7af"
TestRunBasicExample 2025-07-16T22:31:16+05:30 command.go:206:               [31m-[0m[0m start_date       = "2025-07-16T17:00:36.412Z"
TestRunBasicExample 2025-07-16T22:31:16+05:30 command.go:206:             },
TestRunBasicExample 2025-07-16T22:31:16+05:30 command.go:206:         ] [90m-> null[0m[0m
TestRunBasicExample 2025-07-16T22:31:16+05:30 command.go:206:       [31m-[0m[0m resource_aliases_url    = "/v2/resource_instances/e17fae20-5242-4732-9c47-1ca8cd4cff6e/resource_aliases" [90m-> null[0m[0m
TestRunBasicExample 2025-07-16T22:31:16+05:30 command.go:206:       [31m-[0m[0m resource_bindings_url   = "/v2/resource_instances/e17fae20-5242-4732-9c47-1ca8cd4cff6e/resource_bindings" [90m-> null[0m[0m
TestRunBasicExample 2025-07-16T22:31:16+05:30 command.go:206:       [31m-[0m[0m resource_controller_url = "https://cloud.ibm.com/services/" [90m-> null[0m[0m
TestRunBasicExample 2025-07-16T22:31:16+05:30 command.go:206:       [31m-[0m[0m resource_crn            = "crn:v1:bluemix:public:sysdig-monitor:jp-tok:a/abac0df06b644a9cabc6e44f55b3880e:e17fae20-5242-4732-9c47-1ca8cd4cff6e::" [90m-> null[0m[0m
TestRunBasicExample 2025-07-16T22:31:16+05:30 command.go:206:       [31m-[0m[0m resource_group_crn      = "crn:v1:bluemix:public:resource-controller::a/abac0df06b644a9cabc6e44f55b3880e::resource-group:292170bc79c94f5e9019e46fb48f245a" [90m-> null[0m[0m
TestRunBasicExample 2025-07-16T22:31:16+05:30 command.go:206:       [31m-[0m[0m resource_group_id       = "292170bc79c94f5e9019e46fb48f245a" [90m-> null[0m[0m
TestRunBasicExample 2025-07-16T22:31:16+05:30 command.go:206:       [31m-[0m[0m resource_group_name     = "crn:v1:bluemix:public:resource-controller::a/abac0df06b644a9cabc6e44f55b3880e::resource-group:292170bc79c94f5e9019e46fb48f245a" [90m-> null[0m[0m
TestRunBasicExample 2025-07-16T22:31:16+05:30 command.go:206:       [31m-[0m[0m resource_id             = "090c2c10-8c38-11e8-bec2-493df9c49eb8" [90m-> null[0m[0m
TestRunBasicExample 2025-07-16T22:31:16+05:30 command.go:206:       [31m-[0m[0m resource_keys_url       = "/v2/resource_instances/e17fae20-5242-4732-9c47-1ca8cd4cff6e/resource_keys" [90m-> null[0m[0m
TestRunBasicExample 2025-07-16T22:31:16+05:30 command.go:206:       [31m-[0m[0m resource_name           = "icm-basic-kly-cloud-monitoring" [90m-> null[0m[0m
TestRunBasicExample 2025-07-16T22:31:16+05:30 command.go:206:       [31m-[0m[0m resource_plan_id        = "367a3918-9efc-43c5-bef9-20553051b7af" [90m-> null[0m[0m
TestRunBasicExample 2025-07-16T22:31:16+05:30 command.go:206:       [31m-[0m[0m resource_status         = "active" [90m-> null[0m[0m
TestRunBasicExample 2025-07-16T22:31:16+05:30 command.go:206:       [31m-[0m[0m service                 = "sysdig-monitor" [90m-> null[0m[0m
TestRunBasicExample 2025-07-16T22:31:16+05:30 command.go:206:       [31m-[0m[0m service_endpoints       = "public-and-private" [90m-> null[0m[0m
TestRunBasicExample 2025-07-16T22:31:16+05:30 command.go:206:       [31m-[0m[0m state                   = "active" [90m-> null[0m[0m
TestRunBasicExample 2025-07-16T22:31:16+05:30 command.go:206:       [31m-[0m[0m status                  = "active" [90m-> null[0m[0m
TestRunBasicExample 2025-07-16T22:31:16+05:30 command.go:206:       [31m-[0m[0m tags                    = [] [90m-> null[0m[0m
TestRunBasicExample 2025-07-16T22:31:16+05:30 command.go:206:       [31m-[0m[0m target_crn              = "crn:v1:bluemix:public:globalcatalog::::deployment:367a3918-9efc-43c5-bef9-20553051b7af%3Ajp-tok85341" [90m-> null[0m[0m
TestRunBasicExample 2025-07-16T22:31:16+05:30 command.go:206:       [31m-[0m[0m type                    = "service_instance" [90m-> null[0m[0m
TestRunBasicExample 2025-07-16T22:31:16+05:30 command.go:206:       [31m-[0m[0m update_at               = "2025-07-16T17:00:38.074Z" [90m-> null[0m[0m
TestRunBasicExample 2025-07-16T22:31:16+05:30 command.go:206:         [90m# (5 unchanged attributes hidden)[0m[0m
TestRunBasicExample 2025-07-16T22:31:16+05:30 command.go:206:     }
TestRunBasicExample 2025-07-16T22:31:16+05:30 command.go:206: 
TestRunBasicExample 2025-07-16T22:31:16+05:30 command.go:206: [1m  # module.cloud_monitoring.ibm_resource_key.resource_key[0m will be [1m[31mdestroyed[0m
TestRunBasicExample 2025-07-16T22:31:16+05:30 command.go:206: [0m  [31m-[0m[0m resource "ibm_resource_key" "resource_key" {
TestRunBasicExample 2025-07-16T22:31:16+05:30 command.go:206:       [31m-[0m[0m account_id            = "abac0df06b644a9cabc6e44f55b3880e" [90m-> null[0m[0m
TestRunBasicExample 2025-07-16T22:31:16+05:30 command.go:206:       [31m-[0m[0m created_at            = "2025-07-16T17:00:54.663Z" [90m-> null[0m[0m
TestRunBasicExample 2025-07-16T22:31:16+05:30 command.go:206:       [31m-[0m[0m created_by            = "IBMid-693000KKB0" [90m-> null[0m[0m
TestRunBasicExample 2025-07-16T22:31:16+05:30 command.go:206:       [31m-[0m[0m credentials           = (sensitive value) [90m-> null[0m[0m
TestRunBasicExample 2025-07-16T22:31:16+05:30 command.go:206:       [31m-[0m[0m credentials_json      = (sensitive value) [90m-> null[0m[0m
TestRunBasicExample 2025-07-16T22:31:16+05:30 command.go:206:       [31m-[0m[0m crn                   = "crn:v1:bluemix:public:sysdig-monitor:jp-tok:a/abac0df06b644a9cabc6e44f55b3880e:e17fae20-5242-4732-9c47-1ca8cd4cff6e:resource-key:7f7b3b79-d1ed-49ff-907b-de6a2f8fd3bc" [90m-> null[0m[0m
TestRunBasicExample 2025-07-16T22:31:16+05:30 command.go:206:       [31m-[0m[0m guid                  = "7f7b3b79-d1ed-49ff-907b-de6a2f8fd3bc" [90m-> null[0m[0m
TestRunBasicExample 2025-07-16T22:31:16+05:30 command.go:206:       [31m-[0m[0m iam_compatible        = true [90m-> null[0m[0m
TestRunBasicExample 2025-07-16T22:31:16+05:30 command.go:206:       [31m-[0m[0m id                    = "crn:v1:bluemix:public:sysdig-monitor:jp-tok:a/abac0df06b644a9cabc6e44f55b3880e:e17fae20-5242-4732-9c47-1ca8cd4cff6e:resource-key:7f7b3b79-d1ed-49ff-907b-de6a2f8fd3bc" [90m-> null[0m[0m
TestRunBasicExample 2025-07-16T22:31:16+05:30 command.go:206:       [31m-[0m[0m name                  = "SysdigManagerKey" [90m-> null[0m[0m
TestRunBasicExample 2025-07-16T22:31:16+05:30 command.go:206:       [31m-[0m[0m onetime_credentials   = false [90m-> null[0m[0m
TestRunBasicExample 2025-07-16T22:31:16+05:30 command.go:206:       [31m-[0m[0m resource_group_id     = "292170bc79c94f5e9019e46fb48f245a" [90m-> null[0m[0m
TestRunBasicExample 2025-07-16T22:31:16+05:30 command.go:206:       [31m-[0m[0m resource_instance_id  = "crn:v1:bluemix:public:sysdig-monitor:jp-tok:a/abac0df06b644a9cabc6e44f55b3880e:e17fae20-5242-4732-9c47-1ca8cd4cff6e::" [90m-> null[0m[0m
TestRunBasicExample 2025-07-16T22:31:16+05:30 command.go:206:       [31m-[0m[0m resource_instance_url = "/v2/resource_instances/e17fae20-5242-4732-9c47-1ca8cd4cff6e" [90m-> null[0m[0m
TestRunBasicExample 2025-07-16T22:31:16+05:30 command.go:206:       [31m-[0m[0m role                  = "Manager" [90m-> null[0m[0m
TestRunBasicExample 2025-07-16T22:31:16+05:30 command.go:206:       [31m-[0m[0m source_crn            = "crn:v1:bluemix:public:sysdig-monitor:jp-tok:a/abac0df06b644a9cabc6e44f55b3880e:e17fae20-5242-4732-9c47-1ca8cd4cff6e::" [90m-> null[0m[0m
TestRunBasicExample 2025-07-16T22:31:16+05:30 command.go:206:       [31m-[0m[0m state                 = "active" [90m-> null[0m[0m
TestRunBasicExample 2025-07-16T22:31:16+05:30 command.go:206:       [31m-[0m[0m status                = "active" [90m-> null[0m[0m
TestRunBasicExample 2025-07-16T22:31:16+05:30 command.go:206:       [31m-[0m[0m updated_at            = "2025-07-16T17:00:54.663Z" [90m-> null[0m[0m
TestRunBasicExample 2025-07-16T22:31:16+05:30 command.go:206:       [31m-[0m[0m url                   = "/v2/resource_keys/7f7b3b79-d1ed-49ff-907b-de6a2f8fd3bc" [90m-> null[0m[0m
TestRunBasicExample 2025-07-16T22:31:16+05:30 command.go:206:         [90m# (3 unchanged attributes hidden)[0m[0m
TestRunBasicExample 2025-07-16T22:31:16+05:30 command.go:206:     }
TestRunBasicExample 2025-07-16T22:31:16+05:30 command.go:206: 
TestRunBasicExample 2025-07-16T22:31:16+05:30 command.go:206: [1mPlan:[0m 0 to add, 0 to change, 2 to destroy.
TestRunBasicExample 2025-07-16T22:31:16+05:30 command.go:206: [0m
TestRunBasicExample 2025-07-16T22:31:16+05:30 command.go:206: Changes to Outputs:
TestRunBasicExample 2025-07-16T22:31:16+05:30 command.go:206:   [31m-[0m[0m cloud_monitoring_crn       = "crn:v1:bluemix:public:sysdig-monitor:jp-tok:a/abac0df06b644a9cabc6e44f55b3880e:e17fae20-5242-4732-9c47-1ca8cd4cff6e::" [90m-> null[0m[0m
TestRunBasicExample 2025-07-16T22:31:16+05:30 command.go:206:   [31m-[0m[0m cloud_monitoring_name      = "icm-basic-kly-cloud-monitoring" [90m-> null[0m[0m
TestRunBasicExample 2025-07-16T22:31:16+05:30 command.go:206:   [31m-[0m[0m ingestion_endpoint_private = "ingest.private.jp-tok.monitoring.cloud.ibm.com" [90m-> null[0m[0m
TestRunBasicExample 2025-07-16T22:31:16+05:30 command.go:206:   [31m-[0m[0m ingestion_endpoint_public  = "ingest.jp-tok.monitoring.cloud.ibm.com" [90m-> null[0m[0m
TestRunBasicExample 2025-07-16T22:31:16+05:30 command.go:206:   [31m-[0m[0m resource_group_id          = "292170bc79c94f5e9019e46fb48f245a" [90m-> null[0m[0m
TestRunBasicExample 2025-07-16T22:31:16+05:30 command.go:206: [0m[1mmodule.cloud_monitoring.ibm_resource_key.resource_key: Destroying... [id=crn:v1:bluemix:public:sysdig-monitor:jp-tok:a/abac0df06b644a9cabc6e44f55b3880e:e17fae20-5242-4732-9c47-1ca8cd4cff6e:resource-key:7f7b3b79-d1ed-49ff-907b-de6a2f8fd3bc][0m[0m
TestRunBasicExample 2025-07-16T22:31:19+05:30 command.go:206: [0m[1mmodule.cloud_monitoring.ibm_resource_key.resource_key: Destruction complete after 2s[0m
TestRunBasicExample 2025-07-16T22:31:19+05:30 command.go:206: [0m[1mmodule.cloud_monitoring.ibm_resource_instance.cloud_monitoring: Destroying... [id=crn:v1:bluemix:public:sysdig-monitor:jp-tok:a/abac0df06b644a9cabc6e44f55b3880e:e17fae20-5242-4732-9c47-1ca8cd4cff6e::][0m[0m
TestRunBasicExample 2025-07-16T22:31:29+05:30 command.go:206: [0m[1mmodule.cloud_monitoring.ibm_resource_instance.cloud_monitoring: Still destroying... [id=crn:v1:bluemix:public:sysdig-monitor:jp...e17fae20-5242-4732-9c47-1ca8cd4cff6e::, 10s elapsed][0m[0m
=== NAME  TestRunFullyConfigurable
    schematics.go:558: [SCHEMATICS] ... still waiting for job TAR_WORKSPACE_UPLOAD to complete: 1 minutes
    schematics.go:567: [SCHEMATICS] The status of job TAR_WORKSPACE_UPLOAD is: COMPLETED
    tests.go:146: [SCHEMATICS] Updating Workspace Variablestore
TestRunBasicExample 2025-07-16T22:31:31+05:30 command.go:206: [0m[1mmodule.cloud_monitoring.ibm_resource_instance.cloud_monitoring: Destruction complete after 12s[0m
TestRunBasicExample 2025-07-16T22:31:31+05:30 command.go:206: [0m[1m[32m
TestRunBasicExample 2025-07-16T22:31:31+05:30 command.go:206: Destroy complete! Resources: 2 destroyed.
TestRunBasicExample 2025-07-16T22:31:31+05:30 command.go:206: [0m
TestRunBasicExample 2025-07-16T22:31:31+05:30 tests.go:261: [0m[1mmodule.resource_group.data.ibm_resource_group.existing_resource_group[0]: Reading...[0m[0m
[0m[1mmodule.resource_group.data.ibm_resource_group.existing_resource_group[0]: Read complete after 1s [id=292170bc79c94f5e9019e46fb48f245a][0m
[0m[1mmodule.cloud_monitoring.ibm_resource_instance.cloud_monitoring: Refreshing state... [id=crn:v1:bluemix:public:sysdig-monitor:jp-tok:a/abac0df06b644a9cabc6e44f55b3880e:e17fae20-5242-4732-9c47-1ca8cd4cff6e::][0m
[0m[1mmodule.cloud_monitoring.ibm_resource_key.resource_key: Refreshing state... [id=crn:v1:bluemix:public:sysdig-monitor:jp-tok:a/abac0df06b644a9cabc6e44f55b3880e:e17fae20-5242-4732-9c47-1ca8cd4cff6e:resource-key:7f7b3b79-d1ed-49ff-907b-de6a2f8fd3bc][0m

Terraform used the selected providers to generate the following execution
plan. Resource actions are indicated with the following symbols:
  [31m-[0m destroy[0m

Terraform will perform the following actions:

[1m  # module.cloud_monitoring.ibm_resource_instance.cloud_monitoring[0m will be [1m[31mdestroyed[0m
[0m  [31m-[0m[0m resource "ibm_resource_instance" "cloud_monitoring" {
      [31m-[0m[0m account_id              = "abac0df06b644a9cabc6e44f55b3880e" [90m-> null[0m[0m
      [31m-[0m[0m allow_cleanup           = false [90m-> null[0m[0m
      [31m-[0m[0m created_at              = "2025-07-16T17:00:36.412Z" [90m-> null[0m[0m
      [31m-[0m[0m created_by              = "IBMid-693000KKB0" [90m-> null[0m[0m
      [31m-[0m[0m crn                     = "crn:v1:bluemix:public:sysdig-monitor:jp-tok:a/abac0df06b644a9cabc6e44f55b3880e:e17fae20-5242-4732-9c47-1ca8cd4cff6e::" [90m-> null[0m[0m
      [31m-[0m[0m dashboard_url           = "https://jp-tok.monitoring.cloud.ibm.com/api/oauth/openid/IBM/abac0df06b644a9cabc6e44f55b3880e/e17fae20-5242-4732-9c47-1ca8cd4cff6e" [90m-> null[0m[0m
      [31m-[0m[0m extensions              = {
          [31m-[0m[0m "virtual_private_endpoints.dns_domain"             = "private.jp-tok.monitoring.cloud.ibm.com"
          [31m-[0m[0m "virtual_private_endpoints.dns_hosts.#"            = "1"
          [31m-[0m[0m "virtual_private_endpoints.dns_hosts.0"            = "ingest"
          [31m-[0m[0m "virtual_private_endpoints.endpoints.#"            = "3"
          [31m-[0m[0m "virtual_private_endpoints.endpoints.0.ip_address" = "166.9.42.48"
          [31m-[0m[0m "virtual_private_endpoints.endpoints.0.zone"       = "tok04"
          [31m-[0m[0m "virtual_private_endpoints.endpoints.1.ip_address" = "166.9.44.38"
          [31m-[0m[0m "virtual_private_endpoints.endpoints.1.zone"       = "tok05"
          [31m-[0m[0m "virtual_private_endpoints.endpoints.2.ip_address" = "166.9.40.35"
          [31m-[0m[0m "virtual_private_endpoints.endpoints.2.zone"       = "tok02"
          [31m-[0m[0m "virtual_private_endpoints.origin_type"            = "cse"
          [31m-[0m[0m "virtual_private_endpoints.port_translations.#"    = "0"
          [31m-[0m[0m "virtual_private_endpoints.ports.#"                = "1"
          [31m-[0m[0m "virtual_private_endpoints.ports.0.port_max"       = "6443"
          [31m-[0m[0m "virtual_private_endpoints.ports.0.port_min"       = "443"
        } [90m-> null[0m[0m
      [31m-[0m[0m guid                    = "e17fae20-5242-4732-9c47-1ca8cd4cff6e" [90m-> null[0m[0m
      [31m-[0m[0m id                      = "crn:v1:bluemix:public:sysdig-monitor:jp-tok:a/abac0df06b644a9cabc6e44f55b3880e:e17fae20-5242-4732-9c47-1ca8cd4cff6e::" [90m-> null[0m[0m
      [31m-[0m[0m last_operation          = {
          [31m-[0m[0m "async"       = "false"
          [31m-[0m[0m "cancelable"  = "false"
          [31m-[0m[0m "description" = "Completed create instance operation"
          [31m-[0m[0m "poll"        = "false"
          [31m-[0m[0m "state"       = "succeeded"
          [31m-[0m[0m "type"        = "create"
        } [90m-> null[0m[0m
      [31m-[0m[0m location                = "jp-tok" [90m-> null[0m[0m
      [31m-[0m[0m locked                  = false [90m-> null[0m[0m
      [31m-[0m[0m name                    = "icm-basic-kly-cloud-monitoring" [90m-> null[0m[0m
      [31m-[0m[0m onetime_credentials     = false [90m-> null[0m[0m
      [31m-[0m[0m parameters              = {
          [31m-[0m[0m "default_receiver" = "false"
        } [90m-> null[0m[0m
      [31m-[0m[0m plan                    = "lite" [90m-> null[0m[0m
      [31m-[0m[0m plan_history            = [
          [31m-[0m[0m {
              [31m-[0m[0m resource_plan_id = "367a3918-9efc-43c5-bef9-20553051b7af"
              [31m-[0m[0m start_date       = "2025-07-16T17:00:36.412Z"
            },
        ] [90m-> null[0m[0m
      [31m-[0m[0m resource_aliases_url    = "/v2/resource_instances/e17fae20-5242-4732-9c47-1ca8cd4cff6e/resource_aliases" [90m-> null[0m[0m
      [31m-[0m[0m resource_bindings_url   = "/v2/resource_instances/e17fae20-5242-4732-9c47-1ca8cd4cff6e/resource_bindings" [90m-> null[0m[0m
      [31m-[0m[0m resource_controller_url = "https://cloud.ibm.com/services/" [90m-> null[0m[0m
      [31m-[0m[0m resource_crn            = "crn:v1:bluemix:public:sysdig-monitor:jp-tok:a/abac0df06b644a9cabc6e44f55b3880e:e17fae20-5242-4732-9c47-1ca8cd4cff6e::" [90m-> null[0m[0m
      [31m-[0m[0m resource_group_crn      = "crn:v1:bluemix:public:resource-controller::a/abac0df06b644a9cabc6e44f55b3880e::resource-group:292170bc79c94f5e9019e46fb48f245a" [90m-> null[0m[0m
      [31m-[0m[0m resource_group_id       = "292170bc79c94f5e9019e46fb48f245a" [90m-> null[0m[0m
      [31m-[0m[0m resource_group_name     = "crn:v1:bluemix:public:resource-controller::a/abac0df06b644a9cabc6e44f55b3880e::resource-group:292170bc79c94f5e9019e46fb48f245a" [90m-> null[0m[0m
      [31m-[0m[0m resource_id             = "090c2c10-8c38-11e8-bec2-493df9c49eb8" [90m-> null[0m[0m
      [31m-[0m[0m resource_keys_url       = "/v2/resource_instances/e17fae20-5242-4732-9c47-1ca8cd4cff6e/resource_keys" [90m-> null[0m[0m
      [31m-[0m[0m resource_name           = "icm-basic-kly-cloud-monitoring" [90m-> null[0m[0m
      [31m-[0m[0m resource_plan_id        = "367a3918-9efc-43c5-bef9-20553051b7af" [90m-> null[0m[0m
      [31m-[0m[0m resource_status         = "active" [90m-> null[0m[0m
      [31m-[0m[0m service                 = "sysdig-monitor" [90m-> null[0m[0m
      [31m-[0m[0m service_endpoints       = "public-and-private" [90m-> null[0m[0m
      [31m-[0m[0m state                   = "active" [90m-> null[0m[0m
      [31m-[0m[0m status                  = "active" [90m-> null[0m[0m
      [31m-[0m[0m tags                    = [] [90m-> null[0m[0m
      [31m-[0m[0m target_crn              = "crn:v1:bluemix:public:globalcatalog::::deployment:367a3918-9efc-43c5-bef9-20553051b7af%3Ajp-tok85341" [90m-> null[0m[0m
      [31m-[0m[0m type                    = "service_instance" [90m-> null[0m[0m
      [31m-[0m[0m update_at               = "2025-07-16T17:00:38.074Z" [90m-> null[0m[0m
        [90m# (5 unchanged attributes hidden)[0m[0m
    }

[1m  # module.cloud_monitoring.ibm_resource_key.resource_key[0m will be [1m[31mdestroyed[0m
[0m  [31m-[0m[0m resource "ibm_resource_key" "resource_key" {
      [31m-[0m[0m account_id            = "abac0df06b644a9cabc6e44f55b3880e" [90m-> null[0m[0m
      [31m-[0m[0m created_at            = "2025-07-16T17:00:54.663Z" [90m-> null[0m[0m
      [31m-[0m[0m created_by            = "IBMid-693000KKB0" [90m-> null[0m[0m
      [31m-[0m[0m credentials           = (sensitive value) [90m-> null[0m[0m
      [31m-[0m[0m credentials_json      = (sensitive value) [90m-> null[0m[0m
      [31m-[0m[0m crn                   = "crn:v1:bluemix:public:sysdig-monitor:jp-tok:a/abac0df06b644a9cabc6e44f55b3880e:e17fae20-5242-4732-9c47-1ca8cd4cff6e:resource-key:7f7b3b79-d1ed-49ff-907b-de6a2f8fd3bc" [90m-> null[0m[0m
      [31m-[0m[0m guid                  = "7f7b3b79-d1ed-49ff-907b-de6a2f8fd3bc" [90m-> null[0m[0m
      [31m-[0m[0m iam_compatible        = true [90m-> null[0m[0m
      [31m-[0m[0m id                    = "crn:v1:bluemix:public:sysdig-monitor:jp-tok:a/abac0df06b644a9cabc6e44f55b3880e:e17fae20-5242-4732-9c47-1ca8cd4cff6e:resource-key:7f7b3b79-d1ed-49ff-907b-de6a2f8fd3bc" [90m-> null[0m[0m
      [31m-[0m[0m name                  = "SysdigManagerKey" [90m-> null[0m[0m
      [31m-[0m[0m onetime_credentials   = false [90m-> null[0m[0m
      [31m-[0m[0m resource_group_id     = "292170bc79c94f5e9019e46fb48f245a" [90m-> null[0m[0m
      [31m-[0m[0m resource_instance_id  = "crn:v1:bluemix:public:sysdig-monitor:jp-tok:a/abac0df06b644a9cabc6e44f55b3880e:e17fae20-5242-4732-9c47-1ca8cd4cff6e::" [90m-> null[0m[0m
      [31m-[0m[0m resource_instance_url = "/v2/resource_instances/e17fae20-5242-4732-9c47-1ca8cd4cff6e" [90m-> null[0m[0m
      [31m-[0m[0m role                  = "Manager" [90m-> null[0m[0m
      [31m-[0m[0m source_crn            = "crn:v1:bluemix:public:sysdig-monitor:jp-tok:a/abac0df06b644a9cabc6e44f55b3880e:e17fae20-5242-4732-9c47-1ca8cd4cff6e::" [90m-> null[0m[0m
      [31m-[0m[0m state                 = "active" [90m-> null[0m[0m
      [31m-[0m[0m status                = "active" [90m-> null[0m[0m
      [31m-[0m[0m updated_at            = "2025-07-16T17:00:54.663Z" [90m-> null[0m[0m
      [31m-[0m[0m url                   = "/v2/resource_keys/7f7b3b79-d1ed-49ff-907b-de6a2f8fd3bc" [90m-> null[0m[0m
        [90m# (3 unchanged attributes hidden)[0m[0m
    }

[1mPlan:[0m 0 to add, 0 to change, 2 to destroy.
[0m
Changes to Outputs:
  [31m-[0m[0m cloud_monitoring_crn       = "crn:v1:bluemix:public:sysdig-monitor:jp-tok:a/abac0df06b644a9cabc6e44f55b3880e:e17fae20-5242-4732-9c47-1ca8cd4cff6e::" [90m-> null[0m[0m
  [31m-[0m[0m cloud_monitoring_name      = "icm-basic-kly-cloud-monitoring" [90m-> null[0m[0m
  [31m-[0m[0m ingestion_endpoint_private = "ingest.private.jp-tok.monitoring.cloud.ibm.com" [90m-> null[0m[0m
  [31m-[0m[0m ingestion_endpoint_public  = "ingest.jp-tok.monitoring.cloud.ibm.com" [90m-> null[0m[0m
  [31m-[0m[0m resource_group_id          = "292170bc79c94f5e9019e46fb48f245a" [90m-> null[0m[0m
[0m[1mmodule.cloud_monitoring.ibm_resource_key.resource_key: Destroying... [id=crn:v1:bluemix:public:sysdig-monitor:jp-tok:a/abac0df06b644a9cabc6e44f55b3880e:e17fae20-5242-4732-9c47-1ca8cd4cff6e:resource-key:7f7b3b79-d1ed-49ff-907b-de6a2f8fd3bc][0m[0m
[0m[1mmodule.cloud_monitoring.ibm_resource_key.resource_key: Destruction complete after 2s[0m
[0m[1mmodule.cloud_monitoring.ibm_resource_instance.cloud_monitoring: Destroying... [id=crn:v1:bluemix:public:sysdig-monitor:jp-tok:a/abac0df06b644a9cabc6e44f55b3880e:e17fae20-5242-4732-9c47-1ca8cd4cff6e::][0m[0m
[0m[1mmodule.cloud_monitoring.ibm_resource_instance.cloud_monitoring: Still destroying... [id=crn:v1:bluemix:public:sysdig-monitor:jp...e17fae20-5242-4732-9c47-1ca8cd4cff6e::, 10s elapsed][0m[0m
[0m[1mmodule.cloud_monitoring.ibm_resource_instance.cloud_monitoring: Destruction complete after 12s[0m
[0m[1m[32m
Destroy complete! Resources: 2 destroyed.
[0m
TestRunBasicExample 2025-07-16T22:31:31+05:30 tests.go:266: END: Destroy
--- PASS: TestRunBasicExample (76.63s)
=== NAME  TestRunFullyConfigurable
    tests.go:162: [SCHEMATICS] Starting PLAN job ...
=== NAME  TestRunAdvancedExampleInSchematics
    schematics.go:558: [SCHEMATICS] ... still waiting for job TAR_WORKSPACE_UPLOAD to complete: 1 minutes
    schematics.go:567: [SCHEMATICS] The status of job TAR_WORKSPACE_UPLOAD is: COMPLETED
    tests.go:146: [SCHEMATICS] Updating Workspace Variablestore
=== NAME  TestRunUpgradeFullyConfigurable
    schematics.go:558: [SCHEMATICS] ... still waiting for job TAR_WORKSPACE_UPLOAD to complete: 1 minutes
    schematics.go:567: [SCHEMATICS] The status of job TAR_WORKSPACE_UPLOAD is: COMPLETED
    tests.go:146: [SCHEMATICS] Updating Workspace Variablestore
=== NAME  TestRunAccountSettings
    schematics.go:558: [SCHEMATICS] ... still waiting for job TAR_WORKSPACE_UPLOAD to complete: 1 minutes
    schematics.go:567: [SCHEMATICS] The status of job TAR_WORKSPACE_UPLOAD is: COMPLETED
    tests.go:146: [SCHEMATICS] Updating Workspace Variablestore
=== NAME  TestRunAdvancedExampleInSchematics
    tests.go:162: [SCHEMATICS] Starting PLAN job ...
=== NAME  TestRunUpgradeFullyConfigurable
    tests.go:162: [SCHEMATICS] Starting PLAN job ...
=== NAME  TestRunAccountSettings
    tests.go:162: [SCHEMATICS] Starting PLAN job ...
=== NAME  TestRunFullyConfigurable
    schematics.go:558: [SCHEMATICS] ... still waiting for job PLAN to complete: 1 minutes
=== NAME  TestRunAdvancedExampleInSchematics
    schematics.go:558: [SCHEMATICS] ... still waiting for job PLAN to complete: 1 minutes
    schematics.go:567: [SCHEMATICS] The status of job PLAN is: COMPLETED
=== NAME  TestRunUpgradeFullyConfigurable
    schematics.go:558: [SCHEMATICS] ... still waiting for job PLAN to complete: 1 minutes
=== NAME  TestRunAdvancedExampleInSchematics
    tests.go:196: [SCHEMATICS] Starting APPLY job ...
=== NAME  TestRunAccountSettings
    schematics.go:558: [SCHEMATICS] ... still waiting for job PLAN to complete: 1 minutes
=== NAME  TestRunFullyConfigurable
    schematics.go:558: [SCHEMATICS] ... still waiting for job PLAN to complete: 2 minutes
    schematics.go:567: [SCHEMATICS] The status of job PLAN is: COMPLETED
    tests.go:196: [SCHEMATICS] Starting APPLY job ...
=== NAME  TestRunUpgradeFullyConfigurable
    schematics.go:558: [SCHEMATICS] ... still waiting for job PLAN to complete: 2 minutes
    schematics.go:567: [SCHEMATICS] The status of job PLAN is: COMPLETED
=== NAME  TestRunAdvancedExampleInSchematics
    schematics.go:558: [SCHEMATICS] ... still waiting for job APPLY to complete: 1 minutes
=== NAME  TestRunAccountSettings
    schematics.go:558: [SCHEMATICS] ... still waiting for job PLAN to complete: 2 minutes
    schematics.go:567: [SCHEMATICS] The status of job PLAN is: COMPLETED
    tests.go:196: [SCHEMATICS] Starting APPLY job ...
=== NAME  TestRunUpgradeFullyConfigurable
    tests.go:196: [SCHEMATICS] Starting APPLY job ...
=== NAME  TestRunFullyConfigurable
    schematics.go:558: [SCHEMATICS] ... still waiting for job APPLY to complete: 1 minutes
=== NAME  TestRunAdvancedExampleInSchematics
    schematics.go:558: [SCHEMATICS] ... still waiting for job APPLY to complete: 2 minutes
=== NAME  TestRunAccountSettings
    schematics.go:558: [SCHEMATICS] ... still waiting for job APPLY to complete: 1 minutes
=== NAME  TestRunUpgradeFullyConfigurable
    schematics.go:558: [SCHEMATICS] ... still waiting for job APPLY to complete: 1 minutes
=== NAME  TestRunFullyConfigurable
    schematics.go:558: [SCHEMATICS] ... still waiting for job APPLY to complete: 2 minutes
    schematics.go:567: [SCHEMATICS] The status of job APPLY is: COMPLETED
    tests.go:262: [SCHEMATICS] Starting CONSISTENCY PLAN job ...
=== NAME  TestRunAdvancedExampleInSchematics
    schematics.go:558: [SCHEMATICS] ... still waiting for job APPLY to complete: 3 minutes
    schematics.go:567: [SCHEMATICS] The status of job APPLY is: COMPLETED
    tests.go:262: [SCHEMATICS] Starting CONSISTENCY PLAN job ...
=== NAME  TestRunAccountSettings
    schematics.go:558: [SCHEMATICS] ... still waiting for job APPLY to complete: 2 minutes
    schematics.go:567: [SCHEMATICS] The status of job APPLY is: COMPLETED
    tests.go:262: [SCHEMATICS] Starting CONSISTENCY PLAN job ...
=== NAME  TestRunUpgradeFullyConfigurable
    schematics.go:558: [SCHEMATICS] ... still waiting for job APPLY to complete: 2 minutes
    schematics.go:567: [SCHEMATICS] The status of job APPLY is: COMPLETED
    tests.go:241: [SCHEMATICS] Switching to source code for UPGRADE TEST
    tests.go:244: Starting with variable validation for branch: 13686-acc 
    schematics.go:234: [SCHEMATICS] Creating TAR file
    schematics.go:240: [SCHEMATICS] Uploading TAR file
=== NAME  TestRunFullyConfigurable
    schematics.go:558: [SCHEMATICS] ... still waiting for job PLAN to complete: 1 minutes
=== NAME  TestRunAdvancedExampleInSchematics
    schematics.go:558: [SCHEMATICS] ... still waiting for job PLAN to complete: 1 minutes
=== NAME  TestRunAccountSettings
    schematics.go:558: [SCHEMATICS] ... still waiting for job PLAN to complete: 1 minutes
    schematics.go:567: [SCHEMATICS] The status of job PLAN is: COMPLETED
    tests.go:455: [SCHEMATICS] Starting DESTROY job ...
=== NAME  TestRunFullyConfigurable
    schematics.go:558: [SCHEMATICS] ... still waiting for job PLAN to complete: 2 minutes
    schematics.go:567: [SCHEMATICS] The status of job PLAN is: COMPLETED
=== NAME  TestRunUpgradeFullyConfigurable
    schematics.go:558: [SCHEMATICS] ... still waiting for job TAR_WORKSPACE_UPLOAD to complete: 1 minutes
    schematics.go:567: [SCHEMATICS] The status of job TAR_WORKSPACE_UPLOAD is: COMPLETED
    tests.go:262: [SCHEMATICS] Starting UPGRADE PLAN job ...
=== NAME  TestRunFullyConfigurable
    tests.go:455: [SCHEMATICS] Starting DESTROY job ...
=== NAME  TestRunAdvancedExampleInSchematics
    schematics.go:558: [SCHEMATICS] ... still waiting for job PLAN to complete: 2 minutes
    schematics.go:567: [SCHEMATICS] The status of job PLAN is: COMPLETED
=== NAME  TestRunAccountSettings
    schematics.go:558: [SCHEMATICS] ... still waiting for job DESTROY to complete: 1 minutes
=== NAME  TestRunAdvancedExampleInSchematics
    tests.go:455: [SCHEMATICS] Starting DESTROY job ...
=== NAME  TestRunUpgradeFullyConfigurable
    schematics.go:558: [SCHEMATICS] ... still waiting for job PLAN to complete: 1 minutes
=== NAME  TestRunFullyConfigurable
    schematics.go:558: [SCHEMATICS] ... still waiting for job DESTROY to complete: 1 minutes
=== NAME  TestRunAccountSettings
    schematics.go:558: [SCHEMATICS] ... still waiting for job DESTROY to complete: 2 minutes
    schematics.go:567: [SCHEMATICS] The status of job DESTROY is: COMPLETED
    tests.go:482: [SCHEMATICS] Deleting Workspace
=== NAME  TestRunAdvancedExampleInSchematics
    schematics.go:558: [SCHEMATICS] ... still waiting for job DESTROY to complete: 1 minutes
--- PASS: TestRunAccountSettings (579.69s)
=== NAME  TestRunUpgradeFullyConfigurable
    schematics.go:558: [SCHEMATICS] ... still waiting for job PLAN to complete: 2 minutes
    schematics.go:567: [SCHEMATICS] The status of job PLAN is: COMPLETED
=== NAME  TestRunFullyConfigurable
    schematics.go:558: [SCHEMATICS] ... still waiting for job DESTROY to complete: 2 minutes
=== NAME  TestRunUpgradeFullyConfigurable
    tests.go:455: [SCHEMATICS] Starting DESTROY job ...
=== NAME  TestRunAdvancedExampleInSchematics
    schematics.go:558: [SCHEMATICS] ... still waiting for job DESTROY to complete: 2 minutes
    schematics.go:567: [SCHEMATICS] The status of job DESTROY is: COMPLETED
    tests.go:482: [SCHEMATICS] Deleting Workspace
--- PASS: TestRunAdvancedExampleInSchematics (643.35s)
=== NAME  TestRunFullyConfigurable
    schematics.go:558: [SCHEMATICS] ... still waiting for job DESTROY to complete: 3 minutes
    schematics.go:567: [SCHEMATICS] The status of job DESTROY is: COMPLETED
    tests.go:482: [SCHEMATICS] Deleting Workspace
=== NAME  TestRunUpgradeFullyConfigurable
    schematics.go:558: [SCHEMATICS] ... still waiting for job DESTROY to complete: 1 minutes
--- PASS: TestRunFullyConfigurable (654.95s)
=== NAME  TestRunUpgradeFullyConfigurable
    schematics.go:558: [SCHEMATICS] ... still waiting for job DESTROY to complete: 2 minutes
    schematics.go:567: [SCHEMATICS] The status of job DESTROY is: COMPLETED
    tests.go:482: [SCHEMATICS] Deleting Workspace
    tests.go:505: [SCHEMATICS] Removing temp directory for upgrade test: /var/folders/vh/syq93zks0k38v_dhpnypz4hm0000gn/T/terraform-base-icm-da-up-lcuofe-2i11494592840
TestRunUpgradeFullyConfigurable 2025-07-16T22:42:20+05:30 pr_test.go:156: START: Destroy (prereq resources)
TestRunUpgradeFullyConfigurable 2025-07-16T22:42:20+05:30 retry.go:91: terraform [destroy -auto-approve -input=false -var prefix=icm-da-up-lcuofe -var region=jp-tok -var resource_tags=[] -lock=false]
TestRunUpgradeFullyConfigurable 2025-07-16T22:42:20+05:30 logger.go:67: Running command terraform with args [destroy -auto-approve -input=false -var prefix=icm-da-up-lcuofe -var region=jp-tok -var resource_tags=[] -lock=false]
TestRunUpgradeFullyConfigurable 2025-07-16T22:42:21+05:30 logger.go:67: [0m[1mmodule.resource_group.ibm_resource_group.resource_group[0]: Refreshing state... [id=53384ac84e634974808cbea5a3ad1b46][0m
TestRunUpgradeFullyConfigurable 2025-07-16T22:42:24+05:30 logger.go:67: [0m[1mmodule.cloud_monitoring.ibm_resource_instance.cloud_monitoring: Refreshing state... [id=crn:v1:bluemix:public:sysdig-monitor:jp-tok:a/abac0df06b644a9cabc6e44f55b3880e:b7a0de42-960a-4ccf-bab3-d160eef1d4eb::][0m
TestRunUpgradeFullyConfigurable 2025-07-16T22:42:26+05:30 logger.go:67: [0m[1mmodule.cloud_monitoring.ibm_resource_key.resource_key: Refreshing state... [id=crn:v1:bluemix:public:sysdig-monitor:jp-tok:a/abac0df06b644a9cabc6e44f55b3880e:b7a0de42-960a-4ccf-bab3-d160eef1d4eb:resource-key:46cd4d54-aa60-4415-8ee9-acded0b1de95][0m
TestRunUpgradeFullyConfigurable 2025-07-16T22:42:31+05:30 logger.go:67: 
TestRunUpgradeFullyConfigurable 2025-07-16T22:42:31+05:30 logger.go:67: Terraform used the selected providers to generate the following execution
TestRunUpgradeFullyConfigurable 2025-07-16T22:42:31+05:30 logger.go:67: plan. Resource actions are indicated with the following symbols:
TestRunUpgradeFullyConfigurable 2025-07-16T22:42:31+05:30 logger.go:67:   [31m-[0m destroy[0m
TestRunUpgradeFullyConfigurable 2025-07-16T22:42:31+05:30 logger.go:67: 
TestRunUpgradeFullyConfigurable 2025-07-16T22:42:31+05:30 logger.go:67: Terraform will perform the following actions:
TestRunUpgradeFullyConfigurable 2025-07-16T22:42:31+05:30 logger.go:67: 
TestRunUpgradeFullyConfigurable 2025-07-16T22:42:31+05:30 logger.go:67: [1m  # module.cloud_monitoring.ibm_resource_instance.cloud_monitoring[0m will be [1m[31mdestroyed[0m
TestRunUpgradeFullyConfigurable 2025-07-16T22:42:31+05:30 logger.go:67: [0m  [31m-[0m[0m resource "ibm_resource_instance" "cloud_monitoring" {
TestRunUpgradeFullyConfigurable 2025-07-16T22:42:31+05:30 logger.go:67:       [31m-[0m[0m account_id              = "abac0df06b644a9cabc6e44f55b3880e" [90m-> null[0m[0m
TestRunUpgradeFullyConfigurable 2025-07-16T22:42:31+05:30 logger.go:67:       [31m-[0m[0m allow_cleanup           = false [90m-> null[0m[0m
TestRunUpgradeFullyConfigurable 2025-07-16T22:42:31+05:30 logger.go:67:       [31m-[0m[0m created_at              = "2025-07-16T17:00:40.772Z" [90m-> null[0m[0m
TestRunUpgradeFullyConfigurable 2025-07-16T22:42:31+05:30 logger.go:67:       [31m-[0m[0m created_by              = "IBMid-693000KKB0" [90m-> null[0m[0m
TestRunUpgradeFullyConfigurable 2025-07-16T22:42:31+05:30 logger.go:67:       [31m-[0m[0m crn                     = "crn:v1:bluemix:public:sysdig-monitor:jp-tok:a/abac0df06b644a9cabc6e44f55b3880e:b7a0de42-960a-4ccf-bab3-d160eef1d4eb::" [90m-> null[0m[0m
TestRunUpgradeFullyConfigurable 2025-07-16T22:42:31+05:30 logger.go:67:       [31m-[0m[0m dashboard_url           = "https://jp-tok.monitoring.cloud.ibm.com/api/oauth/openid/IBM/abac0df06b644a9cabc6e44f55b3880e/b7a0de42-960a-4ccf-bab3-d160eef1d4eb" [90m-> null[0m[0m
TestRunUpgradeFullyConfigurable 2025-07-16T22:42:31+05:30 logger.go:67:       [31m-[0m[0m extensions              = {
TestRunUpgradeFullyConfigurable 2025-07-16T22:42:31+05:30 logger.go:67:           [31m-[0m[0m "virtual_private_endpoints.dns_domain"             = "private.jp-tok.monitoring.cloud.ibm.com"
TestRunUpgradeFullyConfigurable 2025-07-16T22:42:31+05:30 logger.go:67:           [31m-[0m[0m "virtual_private_endpoints.dns_hosts.#"            = "1"
TestRunUpgradeFullyConfigurable 2025-07-16T22:42:31+05:30 logger.go:67:           [31m-[0m[0m "virtual_private_endpoints.dns_hosts.0"            = "ingest"
TestRunUpgradeFullyConfigurable 2025-07-16T22:42:31+05:30 logger.go:67:           [31m-[0m[0m "virtual_private_endpoints.endpoints.#"            = "3"
TestRunUpgradeFullyConfigurable 2025-07-16T22:42:31+05:30 logger.go:67:           [31m-[0m[0m "virtual_private_endpoints.endpoints.0.ip_address" = "166.9.42.48"
TestRunUpgradeFullyConfigurable 2025-07-16T22:42:31+05:30 logger.go:67:           [31m-[0m[0m "virtual_private_endpoints.endpoints.0.zone"       = "tok04"
TestRunUpgradeFullyConfigurable 2025-07-16T22:42:31+05:30 logger.go:67:           [31m-[0m[0m "virtual_private_endpoints.endpoints.1.ip_address" = "166.9.44.38"
TestRunUpgradeFullyConfigurable 2025-07-16T22:42:31+05:30 logger.go:67:           [31m-[0m[0m "virtual_private_endpoints.endpoints.1.zone"       = "tok05"
TestRunUpgradeFullyConfigurable 2025-07-16T22:42:31+05:30 logger.go:67:           [31m-[0m[0m "virtual_private_endpoints.endpoints.2.ip_address" = "166.9.40.35"
TestRunUpgradeFullyConfigurable 2025-07-16T22:42:31+05:30 logger.go:67:           [31m-[0m[0m "virtual_private_endpoints.endpoints.2.zone"       = "tok02"
TestRunUpgradeFullyConfigurable 2025-07-16T22:42:31+05:30 logger.go:67:           [31m-[0m[0m "virtual_private_endpoints.origin_type"            = "cse"
TestRunUpgradeFullyConfigurable 2025-07-16T22:42:31+05:30 logger.go:67:           [31m-[0m[0m "virtual_private_endpoints.port_translations.#"    = "0"
TestRunUpgradeFullyConfigurable 2025-07-16T22:42:31+05:30 logger.go:67:           [31m-[0m[0m "virtual_private_endpoints.ports.#"                = "1"
TestRunUpgradeFullyConfigurable 2025-07-16T22:42:31+05:30 logger.go:67:           [31m-[0m[0m "virtual_private_endpoints.ports.0.port_max"       = "6443"
TestRunUpgradeFullyConfigurable 2025-07-16T22:42:31+05:30 logger.go:67:           [31m-[0m[0m "virtual_private_endpoints.ports.0.port_min"       = "443"
TestRunUpgradeFullyConfigurable 2025-07-16T22:42:31+05:30 logger.go:67:         } [90m-> null[0m[0m
TestRunUpgradeFullyConfigurable 2025-07-16T22:42:31+05:30 logger.go:67:       [31m-[0m[0m guid                    = "b7a0de42-960a-4ccf-bab3-d160eef1d4eb" [90m-> null[0m[0m
TestRunUpgradeFullyConfigurable 2025-07-16T22:42:31+05:30 logger.go:67:       [31m-[0m[0m id                      = "crn:v1:bluemix:public:sysdig-monitor:jp-tok:a/abac0df06b644a9cabc6e44f55b3880e:b7a0de42-960a-4ccf-bab3-d160eef1d4eb::" [90m-> null[0m[0m
TestRunUpgradeFullyConfigurable 2025-07-16T22:42:31+05:30 logger.go:67:       [31m-[0m[0m last_operation          = {
TestRunUpgradeFullyConfigurable 2025-07-16T22:42:31+05:30 logger.go:67:           [31m-[0m[0m "async"       = "false"
TestRunUpgradeFullyConfigurable 2025-07-16T22:42:31+05:30 logger.go:67:           [31m-[0m[0m "cancelable"  = "false"
TestRunUpgradeFullyConfigurable 2025-07-16T22:42:31+05:30 logger.go:67:           [31m-[0m[0m "description" = "Completed create instance operation"
TestRunUpgradeFullyConfigurable 2025-07-16T22:42:31+05:30 logger.go:67:           [31m-[0m[0m "poll"        = "false"
TestRunUpgradeFullyConfigurable 2025-07-16T22:42:31+05:30 logger.go:67:           [31m-[0m[0m "state"       = "succeeded"
TestRunUpgradeFullyConfigurable 2025-07-16T22:42:31+05:30 logger.go:67:           [31m-[0m[0m "type"        = "create"
TestRunUpgradeFullyConfigurable 2025-07-16T22:42:31+05:30 logger.go:67:         } [90m-> null[0m[0m
TestRunUpgradeFullyConfigurable 2025-07-16T22:42:31+05:30 logger.go:67:       [31m-[0m[0m location                = "jp-tok" [90m-> null[0m[0m
TestRunUpgradeFullyConfigurable 2025-07-16T22:42:31+05:30 logger.go:67:       [31m-[0m[0m locked                  = false [90m-> null[0m[0m
TestRunUpgradeFullyConfigurable 2025-07-16T22:42:31+05:30 logger.go:67:       [31m-[0m[0m name                    = "cloud-monitoring-jp-tok" [90m-> null[0m[0m
TestRunUpgradeFullyConfigurable 2025-07-16T22:42:31+05:30 logger.go:67:       [31m-[0m[0m onetime_credentials     = false [90m-> null[0m[0m
TestRunUpgradeFullyConfigurable 2025-07-16T22:42:31+05:30 logger.go:67:       [31m-[0m[0m parameters              = {
TestRunUpgradeFullyConfigurable 2025-07-16T22:42:31+05:30 logger.go:67:           [31m-[0m[0m "default_receiver" = "false"
TestRunUpgradeFullyConfigurable 2025-07-16T22:42:31+05:30 logger.go:67:         } [90m-> null[0m[0m
TestRunUpgradeFullyConfigurable 2025-07-16T22:42:31+05:30 logger.go:67:       [31m-[0m[0m plan                    = "lite" [90m-> null[0m[0m
TestRunUpgradeFullyConfigurable 2025-07-16T22:42:31+05:30 logger.go:67:       [31m-[0m[0m plan_history            = [
TestRunUpgradeFullyConfigurable 2025-07-16T22:42:31+05:30 logger.go:67:           [31m-[0m[0m {
TestRunUpgradeFullyConfigurable 2025-07-16T22:42:31+05:30 logger.go:67:               [31m-[0m[0m resource_plan_id = "367a3918-9efc-43c5-bef9-20553051b7af"
TestRunUpgradeFullyConfigurable 2025-07-16T22:42:31+05:30 logger.go:67:               [31m-[0m[0m start_date       = "2025-07-16T17:00:40.772Z"
TestRunUpgradeFullyConfigurable 2025-07-16T22:42:31+05:30 logger.go:67:             },
TestRunUpgradeFullyConfigurable 2025-07-16T22:42:31+05:30 logger.go:67:         ] [90m-> null[0m[0m
TestRunUpgradeFullyConfigurable 2025-07-16T22:42:31+05:30 logger.go:67:       [31m-[0m[0m resource_aliases_url    = "/v2/resource_instances/b7a0de42-960a-4ccf-bab3-d160eef1d4eb/resource_aliases" [90m-> null[0m[0m
TestRunUpgradeFullyConfigurable 2025-07-16T22:42:31+05:30 logger.go:67:       [31m-[0m[0m resource_bindings_url   = "/v2/resource_instances/b7a0de42-960a-4ccf-bab3-d160eef1d4eb/resource_bindings" [90m-> null[0m[0m
TestRunUpgradeFullyConfigurable 2025-07-16T22:42:31+05:30 logger.go:67:       [31m-[0m[0m resource_controller_url = "https://cloud.ibm.com/services/" [90m-> null[0m[0m
TestRunUpgradeFullyConfigurable 2025-07-16T22:42:31+05:30 logger.go:67:       [31m-[0m[0m resource_crn            = "crn:v1:bluemix:public:sysdig-monitor:jp-tok:a/abac0df06b644a9cabc6e44f55b3880e:b7a0de42-960a-4ccf-bab3-d160eef1d4eb::" [90m-> null[0m[0m
TestRunUpgradeFullyConfigurable 2025-07-16T22:42:31+05:30 logger.go:67:       [31m-[0m[0m resource_group_crn      = "crn:v1:bluemix:public:resource-controller::a/abac0df06b644a9cabc6e44f55b3880e::resource-group:53384ac84e634974808cbea5a3ad1b46" [90m-> null[0m[0m
TestRunUpgradeFullyConfigurable 2025-07-16T22:42:31+05:30 logger.go:67:       [31m-[0m[0m resource_group_id       = "53384ac84e634974808cbea5a3ad1b46" [90m-> null[0m[0m
TestRunUpgradeFullyConfigurable 2025-07-16T22:42:31+05:30 logger.go:67:       [31m-[0m[0m resource_group_name     = "crn:v1:bluemix:public:resource-controller::a/abac0df06b644a9cabc6e44f55b3880e::resource-group:53384ac84e634974808cbea5a3ad1b46" [90m-> null[0m[0m
TestRunUpgradeFullyConfigurable 2025-07-16T22:42:31+05:30 logger.go:67:       [31m-[0m[0m resource_id             = "090c2c10-8c38-11e8-bec2-493df9c49eb8" [90m-> null[0m[0m
TestRunUpgradeFullyConfigurable 2025-07-16T22:42:31+05:30 logger.go:67:       [31m-[0m[0m resource_keys_url       = "/v2/resource_instances/b7a0de42-960a-4ccf-bab3-d160eef1d4eb/resource_keys" [90m-> null[0m[0m
TestRunUpgradeFullyConfigurable 2025-07-16T22:42:31+05:30 logger.go:67:       [31m-[0m[0m resource_name           = "cloud-monitoring-jp-tok" [90m-> null[0m[0m
TestRunUpgradeFullyConfigurable 2025-07-16T22:42:31+05:30 logger.go:67:       [31m-[0m[0m resource_plan_id        = "367a3918-9efc-43c5-bef9-20553051b7af" [90m-> null[0m[0m
TestRunUpgradeFullyConfigurable 2025-07-16T22:42:31+05:30 logger.go:67:       [31m-[0m[0m resource_status         = "active" [90m-> null[0m[0m
TestRunUpgradeFullyConfigurable 2025-07-16T22:42:31+05:30 logger.go:67:       [31m-[0m[0m service                 = "sysdig-monitor" [90m-> null[0m[0m
TestRunUpgradeFullyConfigurable 2025-07-16T22:42:31+05:30 logger.go:67:       [31m-[0m[0m service_endpoints       = "public-and-private" [90m-> null[0m[0m
TestRunUpgradeFullyConfigurable 2025-07-16T22:42:31+05:30 logger.go:67:       [31m-[0m[0m state                   = "active" [90m-> null[0m[0m
TestRunUpgradeFullyConfigurable 2025-07-16T22:42:31+05:30 logger.go:67:       [31m-[0m[0m status                  = "active" [90m-> null[0m[0m
TestRunUpgradeFullyConfigurable 2025-07-16T22:42:31+05:30 logger.go:67:       [31m-[0m[0m tags                    = [] [90m-> null[0m[0m
TestRunUpgradeFullyConfigurable 2025-07-16T22:42:31+05:30 logger.go:67:       [31m-[0m[0m target_crn              = "crn:v1:bluemix:public:globalcatalog::::deployment:367a3918-9efc-43c5-bef9-20553051b7af%3Ajp-tok85341" [90m-> null[0m[0m
TestRunUpgradeFullyConfigurable 2025-07-16T22:42:31+05:30 logger.go:67:       [31m-[0m[0m type                    = "service_instance" [90m-> null[0m[0m
TestRunUpgradeFullyConfigurable 2025-07-16T22:42:31+05:30 logger.go:67:       [31m-[0m[0m update_at               = "2025-07-16T17:00:42.440Z" [90m-> null[0m[0m
TestRunUpgradeFullyConfigurable 2025-07-16T22:42:31+05:30 logger.go:67:         [90m# (5 unchanged attributes hidden)[0m[0m
TestRunUpgradeFullyConfigurable 2025-07-16T22:42:31+05:30 logger.go:67:     }
TestRunUpgradeFullyConfigurable 2025-07-16T22:42:31+05:30 logger.go:67: 
TestRunUpgradeFullyConfigurable 2025-07-16T22:42:31+05:30 logger.go:67: [1m  # module.cloud_monitoring.ibm_resource_key.resource_key[0m will be [1m[31mdestroyed[0m
TestRunUpgradeFullyConfigurable 2025-07-16T22:42:31+05:30 logger.go:67: [0m  [31m-[0m[0m resource "ibm_resource_key" "resource_key" {
TestRunUpgradeFullyConfigurable 2025-07-16T22:42:31+05:30 logger.go:67:       [31m-[0m[0m account_id            = "abac0df06b644a9cabc6e44f55b3880e" [90m-> null[0m[0m
TestRunUpgradeFullyConfigurable 2025-07-16T22:42:31+05:30 logger.go:67:       [31m-[0m[0m created_at            = "2025-07-16T17:00:58.257Z" [90m-> null[0m[0m
TestRunUpgradeFullyConfigurable 2025-07-16T22:42:31+05:30 logger.go:67:       [31m-[0m[0m created_by            = "IBMid-693000KKB0" [90m-> null[0m[0m
TestRunUpgradeFullyConfigurable 2025-07-16T22:42:31+05:30 logger.go:67:       [31m-[0m[0m credentials           = (sensitive value) [90m-> null[0m[0m
TestRunUpgradeFullyConfigurable 2025-07-16T22:42:31+05:30 logger.go:67:       [31m-[0m[0m credentials_json      = (sensitive value) [90m-> null[0m[0m
TestRunUpgradeFullyConfigurable 2025-07-16T22:42:31+05:30 logger.go:67:       [31m-[0m[0m crn                   = "crn:v1:bluemix:public:sysdig-monitor:jp-tok:a/abac0df06b644a9cabc6e44f55b3880e:b7a0de42-960a-4ccf-bab3-d160eef1d4eb:resource-key:46cd4d54-aa60-4415-8ee9-acded0b1de95" [90m-> null[0m[0m
TestRunUpgradeFullyConfigurable 2025-07-16T22:42:31+05:30 logger.go:67:       [31m-[0m[0m guid                  = "46cd4d54-aa60-4415-8ee9-acded0b1de95" [90m-> null[0m[0m
TestRunUpgradeFullyConfigurable 2025-07-16T22:42:31+05:30 logger.go:67:       [31m-[0m[0m iam_compatible        = true [90m-> null[0m[0m
TestRunUpgradeFullyConfigurable 2025-07-16T22:42:31+05:30 logger.go:67:       [31m-[0m[0m id                    = "crn:v1:bluemix:public:sysdig-monitor:jp-tok:a/abac0df06b644a9cabc6e44f55b3880e:b7a0de42-960a-4ccf-bab3-d160eef1d4eb:resource-key:46cd4d54-aa60-4415-8ee9-acded0b1de95" [90m-> null[0m[0m
TestRunUpgradeFullyConfigurable 2025-07-16T22:42:31+05:30 logger.go:67:       [31m-[0m[0m name                  = "SysdigManagerKey" [90m-> null[0m[0m
TestRunUpgradeFullyConfigurable 2025-07-16T22:42:31+05:30 logger.go:67:       [31m-[0m[0m onetime_credentials   = false [90m-> null[0m[0m
TestRunUpgradeFullyConfigurable 2025-07-16T22:42:31+05:30 logger.go:67:       [31m-[0m[0m resource_group_id     = "53384ac84e634974808cbea5a3ad1b46" [90m-> null[0m[0m
TestRunUpgradeFullyConfigurable 2025-07-16T22:42:31+05:30 logger.go:67:       [31m-[0m[0m resource_instance_id  = "crn:v1:bluemix:public:sysdig-monitor:jp-tok:a/abac0df06b644a9cabc6e44f55b3880e:b7a0de42-960a-4ccf-bab3-d160eef1d4eb::" [90m-> null[0m[0m
TestRunUpgradeFullyConfigurable 2025-07-16T22:42:31+05:30 logger.go:67:       [31m-[0m[0m resource_instance_url = "/v2/resource_instances/b7a0de42-960a-4ccf-bab3-d160eef1d4eb" [90m-> null[0m[0m
TestRunUpgradeFullyConfigurable 2025-07-16T22:42:31+05:30 logger.go:67:       [31m-[0m[0m role                  = "Manager" [90m-> null[0m[0m
TestRunUpgradeFullyConfigurable 2025-07-16T22:42:31+05:30 logger.go:67:       [31m-[0m[0m source_crn            = "crn:v1:bluemix:public:sysdig-monitor:jp-tok:a/abac0df06b644a9cabc6e44f55b3880e:b7a0de42-960a-4ccf-bab3-d160eef1d4eb::" [90m-> null[0m[0m
TestRunUpgradeFullyConfigurable 2025-07-16T22:42:31+05:30 logger.go:67:       [31m-[0m[0m state                 = "active" [90m-> null[0m[0m
TestRunUpgradeFullyConfigurable 2025-07-16T22:42:31+05:30 logger.go:67:       [31m-[0m[0m status                = "active" [90m-> null[0m[0m
TestRunUpgradeFullyConfigurable 2025-07-16T22:42:31+05:30 logger.go:67:       [31m-[0m[0m updated_at            = "2025-07-16T17:00:58.257Z" [90m-> null[0m[0m
TestRunUpgradeFullyConfigurable 2025-07-16T22:42:31+05:30 logger.go:67:       [31m-[0m[0m url                   = "/v2/resource_keys/46cd4d54-aa60-4415-8ee9-acded0b1de95" [90m-> null[0m[0m
TestRunUpgradeFullyConfigurable 2025-07-16T22:42:31+05:30 logger.go:67:         [90m# (3 unchanged attributes hidden)[0m[0m
TestRunUpgradeFullyConfigurable 2025-07-16T22:42:31+05:30 logger.go:67:     }
TestRunUpgradeFullyConfigurable 2025-07-16T22:42:31+05:30 logger.go:67: 
TestRunUpgradeFullyConfigurable 2025-07-16T22:42:31+05:30 logger.go:67: [1m  # module.resource_group.ibm_resource_group.resource_group[0][0m will be [1m[31mdestroyed[0m
TestRunUpgradeFullyConfigurable 2025-07-16T22:42:31+05:30 logger.go:67: [0m  [31m-[0m[0m resource "ibm_resource_group" "resource_group" {
TestRunUpgradeFullyConfigurable 2025-07-16T22:42:31+05:30 logger.go:67:       [31m-[0m[0m created_at        = "2025-07-16T17:00:34.538Z" [90m-> null[0m[0m
TestRunUpgradeFullyConfigurable 2025-07-16T22:42:31+05:30 logger.go:67:       [31m-[0m[0m crn               = "crn:v1:bluemix:public:resource-controller::a/abac0df06b644a9cabc6e44f55b3880e::resource-group:53384ac84e634974808cbea5a3ad1b46" [90m-> null[0m[0m
TestRunUpgradeFullyConfigurable 2025-07-16T22:42:31+05:30 logger.go:67:       [31m-[0m[0m default           = false [90m-> null[0m[0m
TestRunUpgradeFullyConfigurable 2025-07-16T22:42:31+05:30 logger.go:67:       [31m-[0m[0m id                = "53384ac84e634974808cbea5a3ad1b46" [90m-> null[0m[0m
TestRunUpgradeFullyConfigurable 2025-07-16T22:42:31+05:30 logger.go:67:       [31m-[0m[0m name              = "icm-da-up-lcuofe-resource-group" [90m-> null[0m[0m
TestRunUpgradeFullyConfigurable 2025-07-16T22:42:31+05:30 logger.go:67:       [31m-[0m[0m quota_id          = "a3d7b8d01e261c24677937c29ab33f3c" [90m-> null[0m[0m
TestRunUpgradeFullyConfigurable 2025-07-16T22:42:31+05:30 logger.go:67:       [31m-[0m[0m quota_url         = "/v2/quota_definitions/a3d7b8d01e261c24677937c29ab33f3c" [90m-> null[0m[0m
TestRunUpgradeFullyConfigurable 2025-07-16T22:42:31+05:30 logger.go:67:       [31m-[0m[0m resource_linkages = [] [90m-> null[0m[0m
TestRunUpgradeFullyConfigurable 2025-07-16T22:42:31+05:30 logger.go:67:       [31m-[0m[0m state             = "ACTIVE" [90m-> null[0m[0m
TestRunUpgradeFullyConfigurable 2025-07-16T22:42:31+05:30 logger.go:67:       [31m-[0m[0m updated_at        = "2025-07-16T17:00:34.538Z" [90m-> null[0m[0m
TestRunUpgradeFullyConfigurable 2025-07-16T22:42:31+05:30 logger.go:67:     }
TestRunUpgradeFullyConfigurable 2025-07-16T22:42:31+05:30 logger.go:67: 
TestRunUpgradeFullyConfigurable 2025-07-16T22:42:31+05:30 logger.go:67: [1mPlan:[0m 0 to add, 0 to change, 3 to destroy.
TestRunUpgradeFullyConfigurable 2025-07-16T22:42:31+05:30 logger.go:67: [0m
TestRunUpgradeFullyConfigurable 2025-07-16T22:42:31+05:30 logger.go:67: Changes to Outputs:
TestRunUpgradeFullyConfigurable 2025-07-16T22:42:31+05:30 logger.go:67:   [31m-[0m[0m cloud_monitoring_crn = "crn:v1:bluemix:public:sysdig-monitor:jp-tok:a/abac0df06b644a9cabc6e44f55b3880e:b7a0de42-960a-4ccf-bab3-d160eef1d4eb::" [90m-> null[0m[0m
TestRunUpgradeFullyConfigurable 2025-07-16T22:42:31+05:30 logger.go:67:   [31m-[0m[0m resource_group_name  = "icm-da-up-lcuofe-resource-group" [90m-> null[0m[0m
TestRunUpgradeFullyConfigurable 2025-07-16T22:42:32+05:30 logger.go:67: [0m[1mmodule.cloud_monitoring.ibm_resource_key.resource_key: Destroying... [id=crn:v1:bluemix:public:sysdig-monitor:jp-tok:a/abac0df06b644a9cabc6e44f55b3880e:b7a0de42-960a-4ccf-bab3-d160eef1d4eb:resource-key:46cd4d54-aa60-4415-8ee9-acded0b1de95][0m[0m
TestRunUpgradeFullyConfigurable 2025-07-16T22:42:33+05:30 logger.go:67: [0m[1mmodule.cloud_monitoring.ibm_resource_key.resource_key: Destruction complete after 2s[0m
TestRunUpgradeFullyConfigurable 2025-07-16T22:42:33+05:30 logger.go:67: [0m[1mmodule.cloud_monitoring.ibm_resource_instance.cloud_monitoring: Destroying... [id=crn:v1:bluemix:public:sysdig-monitor:jp-tok:a/abac0df06b644a9cabc6e44f55b3880e:b7a0de42-960a-4ccf-bab3-d160eef1d4eb::][0m[0m
TestRunUpgradeFullyConfigurable 2025-07-16T22:42:43+05:30 logger.go:67: [0m[1mmodule.cloud_monitoring.ibm_resource_instance.cloud_monitoring: Still destroying... [id=crn:v1:bluemix:public:sysdig-monitor:jp...b7a0de42-960a-4ccf-bab3-d160eef1d4eb::, 10s elapsed][0m[0m
TestRunUpgradeFullyConfigurable 2025-07-16T22:42:45+05:30 logger.go:67: [0m[1mmodule.cloud_monitoring.ibm_resource_instance.cloud_monitoring: Destruction complete after 12s[0m
TestRunUpgradeFullyConfigurable 2025-07-16T22:42:45+05:30 logger.go:67: [0m[1mmodule.resource_group.ibm_resource_group.resource_group[0]: Destroying... [id=53384ac84e634974808cbea5a3ad1b46][0m[0m
TestRunUpgradeFullyConfigurable 2025-07-16T22:42:47+05:30 logger.go:67: [0m[1mmodule.resource_group.ibm_resource_group.resource_group[0]: Destruction complete after 1s[0m
TestRunUpgradeFullyConfigurable 2025-07-16T22:42:47+05:30 logger.go:67: [0m[1m[32m
TestRunUpgradeFullyConfigurable 2025-07-16T22:42:47+05:30 logger.go:67: Destroy complete! Resources: 3 destroyed.
TestRunUpgradeFullyConfigurable 2025-07-16T22:42:47+05:30 logger.go:67: [0m
TestRunUpgradeFullyConfigurable 2025-07-16T22:42:47+05:30 retry.go:91: terraform [workspace show]
TestRunUpgradeFullyConfigurable 2025-07-16T22:42:47+05:30 logger.go:67: Running command terraform with args [workspace show]
TestRunUpgradeFullyConfigurable 2025-07-16T22:42:47+05:30 logger.go:67: icm-da-up-lcuofe
TestRunUpgradeFullyConfigurable 2025-07-16T22:42:47+05:30 retry.go:91: terraform [workspace list]
TestRunUpgradeFullyConfigurable 2025-07-16T22:42:47+05:30 logger.go:67: Running command terraform with args [workspace list]
TestRunUpgradeFullyConfigurable 2025-07-16T22:42:47+05:30 logger.go:67:   default
TestRunUpgradeFullyConfigurable 2025-07-16T22:42:47+05:30 logger.go:67: * icm-da-up-lcuofe
TestRunUpgradeFullyConfigurable 2025-07-16T22:42:47+05:30 logger.go:67: 
TestRunUpgradeFullyConfigurable 2025-07-16T22:42:47+05:30 retry.go:91: terraform [workspace list]
TestRunUpgradeFullyConfigurable 2025-07-16T22:42:47+05:30 logger.go:67: Running command terraform with args [workspace list]
TestRunUpgradeFullyConfigurable 2025-07-16T22:42:47+05:30 logger.go:67:   default
TestRunUpgradeFullyConfigurable 2025-07-16T22:42:47+05:30 logger.go:67: * icm-da-up-lcuofe
TestRunUpgradeFullyConfigurable 2025-07-16T22:42:47+05:30 logger.go:67: 
TestRunUpgradeFullyConfigurable 2025-07-16T22:42:47+05:30 retry.go:91: terraform [workspace select default]
TestRunUpgradeFullyConfigurable 2025-07-16T22:42:47+05:30 logger.go:67: Running command terraform with args [workspace select default]
TestRunUpgradeFullyConfigurable 2025-07-16T22:42:47+05:30 logger.go:67: [0m[32mSwitched to workspace "default".[0m
TestRunUpgradeFullyConfigurable 2025-07-16T22:42:47+05:30 retry.go:91: terraform [workspace show]
TestRunUpgradeFullyConfigurable 2025-07-16T22:42:47+05:30 logger.go:67: Running command terraform with args [workspace show]
TestRunUpgradeFullyConfigurable 2025-07-16T22:42:47+05:30 logger.go:67: default
TestRunUpgradeFullyConfigurable 2025-07-16T22:42:47+05:30 retry.go:91: terraform [workspace delete icm-da-up-lcuofe]
TestRunUpgradeFullyConfigurable 2025-07-16T22:42:47+05:30 logger.go:67: Running command terraform with args [workspace delete icm-da-up-lcuofe]
TestRunUpgradeFullyConfigurable 2025-07-16T22:42:47+05:30 logger.go:67: [0m[32mDeleted workspace "icm-da-up-lcuofe"![0m
TestRunUpgradeFullyConfigurable 2025-07-16T22:42:47+05:30 pr_test.go:159: END: Destroy (prereq resources)
--- PASS: TestRunUpgradeFullyConfigurable (753.22s)
PASS
ok  	github.com/terraform-ibm-modules/terraform-ibm-cloud-monitoring	754.457s
